
Microsoft Visual Studio Solution File, Format Version 12.00
# Visual Studio Version 16
VisualStudioVersion = 16.0.28729.10
MinimumVisualStudioVersion = 10.0.40219.1
Project("{2150E333-8FDC-42A3-9474-1A3956D46DE8}") = "Common", "Common", "{0DDF054E-61CB-4412-AB3F-D6EC764ECAB8}"
EndProject
Project("{8BC9CEB8-8B4A-11D0-8D11-00A0C91BC942}") = "DyMath", "Common\DyMath\DyMath.vcxproj", "{14A3024E-EB54-412B-B3DE-444656B184C4}"
EndProject
Project("{8BC9CEB8-8B4A-11D0-8D11-00A0C91BC942}") = "TestDyMath", "Common\TestDyMath\TestDyMath.vcxproj", "{2C8BEE90-1FCF-45DB-8779-FDF5E167FA6C}"
	ProjectSection(ProjectDependencies) = postProject
		{14A3024E-EB54-412B-B3DE-444656B184C4} = {14A3024E-EB54-412B-B3DE-444656B184C4}
	EndProjectSection
EndProject
Project("{8BC9CEB8-8B4A-11D0-8D11-00A0C91BC942}") = "DyExpression", "Common\DyExpression\DyExpression.vcxproj", "{276D1690-FB35-449E-B85F-8F9E98CA2729}"
EndProject
Project("{2150E333-8FDC-42A3-9474-1A3956D46DE8}") = "Solution Items", "Solution Items", "{33DB1086-807C-404A-8839-4C35120BFDE8}"
	ProjectSection(SolutionItems) = preProject
		README.md = README.md
	EndProjectSection
EndProject
Project("{8BC9CEB8-8B4A-11D0-8D11-00A0C91BC942}") = "TestDyExpr", "Common\TestDyExpr\TestDyExpr.vcxproj", "{865E3443-E745-4026-AEE0-1FBCEF8CDDA4}"
EndProject
Project("{2150E333-8FDC-42A3-9474-1A3956D46DE8}") = "ThirdParty", "ThirdParty", "{CE4BB2D7-1EF7-4FF7-BB72-EE447A180DFC}"
EndProject
Project("{8BC9CEB8-8B4A-11D0-8D11-00A0C91BC942}") = "Msdfgen", "Common\ThirdParty\msdfgen\Msdfgen.vcxproj", "{84BE2D91-F071-4151-BE12-61460464C494}"
EndProject
Project("{8BC9CEB8-8B4A-11D0-8D11-00A0C91BC942}") = "Lua", "Common\ThirdParty\Lua\Lua.vcxproj", "{9B60AA23-41C8-46DA-AE5C-7ABB5964A452}"
EndProject
Project("{2150E333-8FDC-42A3-9474-1A3956D46DE8}") = "Sample", "Sample", "{D57EC953-0C4A-4F48-820B-72377AC136E8}"
EndProject
Project("{8BC9CEB8-8B4A-11D0-8D11-00A0C91BC942}") = "Astronaut", "Sample\Astronaut\Astronaut.vcxproj", "{AB58764E-84AE-415B-9DF0-F766C6E25DE5}"
EndProject
Project("{2150E333-8FDC-42A3-9474-1A3956D46DE8}") = "Tool", "Tool", "{D4DEFBB5-6EEC-4429-851A-5EAF6C778892}"
EndProject
Project("{8BC9CEB8-8B4A-11D0-8D11-00A0C91BC942}") = "DyFontAtlasGenerator", "Tool\DyFontAtlasGenerator\DyFontAtlasGenerator.vcxproj", "{B12702AD-ABFB-343A-A199-8E24837244A3}"
EndProject
Project("{8BC9CEB8-8B4A-11D0-8D11-00A0C91BC942}") = "DyModelExporter", "Tool\DyModelExporter\DyModelExporter.vcxproj", "{A537E3AB-009A-4ECB-9279-5347719F7388}"
EndProject
Project("{8BC9CEB8-8B4A-11D0-8D11-00A0C91BC942}") = "DyModelGenerator_App", "Tool\DyModelGenerator\Builds\VisualStudio2017\DyModelGenerator_App.vcxproj", "{61C059F4-61C6-5884-FEFD-9230EE1971E5}"
EndProject
Project("{8BC9CEB8-8B4A-11D0-8D11-00A0C91BC942}") = "DyHexToUChar", "Tool\DyHexToUChar\DyHexToUChar.vcxproj", "{62233349-A2F3-49F3-A778-2AF2333D5D43}"
EndProject
Project("{2150E333-8FDC-42A3-9474-1A3956D46DE8}") = "Core", "Core", "{B7608A00-31A5-4709-9F4C-6B6693D4EBE2}"
EndProject
Project("{8BC9CEB8-8B4A-11D0-8D11-00A0C91BC942}") = "DyCore", "Core\DianYing\DianYing.vcxproj", "{B2B6E771-0680-4E19-AB53-78F5AA9FEB7A}"
EndProject
Project("{2150E333-8FDC-42A3-9474-1A3956D46DE8}") = "Platform", "Platform", "{541EF5C7-B99D-4DE1-A25F-8D6CE38EE571}"
EndProject
Project("{8BC9CEB8-8B4A-11D0-8D11-00A0C91BC942}") = "PlatformWin32", "Core\Platform\PlatformWin32\PlatformWin32.vcxproj", "{10024A5F-FEE9-4568-B8FF-DAB292E65FF4}"
EndProject
Project("{8BC9CEB8-8B4A-11D0-8D11-00A0C91BC942}") = "NativePlatformBase", "Core\Platform\NativePlatformBase\NativePlatformBase.vcxproj", "{4161AB6F-E436-4F6C-A882-472B207A3CCF}"
EndProject
Project("{8BC9CEB8-8B4A-11D0-8D11-00A0C91BC942}") = "glad", "Common\ThirdParty\glad\glad.vcxproj", "{FE274382-E29F-4760-8FEE-CC024558F903}"
EndProject
Project("{2150E333-8FDC-42A3-9474-1A3956D46DE8}") = "Base", "Base", "{4045FBB5-CCEA-4C90-9DEE-CFF2A1C7B4ED}"
EndProject
Project("{8BC9CEB8-8B4A-11D0-8D11-00A0C91BC942}") = "zlib", "Common\ThirdParty\zlib\zlib.vcxproj", "{668CAA4B-DBC5-4522-8D5A-4E417DEB4E51}"
EndProject
Project("{2150E333-8FDC-42A3-9474-1A3956D46DE8}") = "Graphics", "Graphics", "{F0FB16A8-3484-4C5C-9E20-AF1111CD149F}"
EndProject
Project("{2150E333-8FDC-42A3-9474-1A3956D46DE8}") = "Physics", "Physics", "{C68DB26F-AE47-442E-A9F5-74FE4E2505EF}"
EndProject
Project("{8BC9CEB8-8B4A-11D0-8D11-00A0C91BC942}") = "InputsBase", "Core\Base\InputsBase\InputsBase.vcxproj", "{93C72DDA-5819-40D9-B715-3871EEC31922}"
EndProject
Global
	GlobalSection(SolutionConfigurationPlatforms) = preSolution
		Debug|x64 = Debug|x64
		MinSizeRel|x64 = MinSizeRel|x64
		Release|x64 = Release|x64
		RelWithDebInfo|x64 = RelWithDebInfo|x64
	EndGlobalSection
	GlobalSection(ProjectConfigurationPlatforms) = postSolution
		{14A3024E-EB54-412B-B3DE-444656B184C4}.Debug|x64.ActiveCfg = Debug|x64
		{14A3024E-EB54-412B-B3DE-444656B184C4}.Debug|x64.Build.0 = Debug|x64
		{14A3024E-EB54-412B-B3DE-444656B184C4}.MinSizeRel|x64.ActiveCfg = Release|x64
		{14A3024E-EB54-412B-B3DE-444656B184C4}.MinSizeRel|x64.Build.0 = Release|x64
		{14A3024E-EB54-412B-B3DE-444656B184C4}.Release|x64.ActiveCfg = Release|x64
		{14A3024E-EB54-412B-B3DE-444656B184C4}.Release|x64.Build.0 = Release|x64
		{14A3024E-EB54-412B-B3DE-444656B184C4}.RelWithDebInfo|x64.ActiveCfg = Release|x64
		{14A3024E-EB54-412B-B3DE-444656B184C4}.RelWithDebInfo|x64.Build.0 = Release|x64
		{2C8BEE90-1FCF-45DB-8779-FDF5E167FA6C}.Debug|x64.ActiveCfg = Debug|x64
		{2C8BEE90-1FCF-45DB-8779-FDF5E167FA6C}.Debug|x64.Build.0 = Debug|x64
		{2C8BEE90-1FCF-45DB-8779-FDF5E167FA6C}.MinSizeRel|x64.ActiveCfg = Release|x64
		{2C8BEE90-1FCF-45DB-8779-FDF5E167FA6C}.MinSizeRel|x64.Build.0 = Release|x64
		{2C8BEE90-1FCF-45DB-8779-FDF5E167FA6C}.Release|x64.ActiveCfg = Release|x64
		{2C8BEE90-1FCF-45DB-8779-FDF5E167FA6C}.Release|x64.Build.0 = Release|x64
		{2C8BEE90-1FCF-45DB-8779-FDF5E167FA6C}.RelWithDebInfo|x64.ActiveCfg = Release|x64
		{2C8BEE90-1FCF-45DB-8779-FDF5E167FA6C}.RelWithDebInfo|x64.Build.0 = Release|x64
		{276D1690-FB35-449E-B85F-8F9E98CA2729}.Debug|x64.ActiveCfg = Debug|x64
		{276D1690-FB35-449E-B85F-8F9E98CA2729}.Debug|x64.Build.0 = Debug|x64
		{276D1690-FB35-449E-B85F-8F9E98CA2729}.MinSizeRel|x64.ActiveCfg = Release|x64
		{276D1690-FB35-449E-B85F-8F9E98CA2729}.MinSizeRel|x64.Build.0 = Release|x64
		{276D1690-FB35-449E-B85F-8F9E98CA2729}.Release|x64.ActiveCfg = Release|x64
		{276D1690-FB35-449E-B85F-8F9E98CA2729}.Release|x64.Build.0 = Release|x64
		{276D1690-FB35-449E-B85F-8F9E98CA2729}.RelWithDebInfo|x64.ActiveCfg = Release|x64
		{276D1690-FB35-449E-B85F-8F9E98CA2729}.RelWithDebInfo|x64.Build.0 = Release|x64
		{865E3443-E745-4026-AEE0-1FBCEF8CDDA4}.Debug|x64.ActiveCfg = Debug|x64
		{865E3443-E745-4026-AEE0-1FBCEF8CDDA4}.Debug|x64.Build.0 = Debug|x64
		{865E3443-E745-4026-AEE0-1FBCEF8CDDA4}.MinSizeRel|x64.ActiveCfg = Release|x64
		{865E3443-E745-4026-AEE0-1FBCEF8CDDA4}.MinSizeRel|x64.Build.0 = Release|x64
		{865E3443-E745-4026-AEE0-1FBCEF8CDDA4}.Release|x64.ActiveCfg = Release|x64
		{865E3443-E745-4026-AEE0-1FBCEF8CDDA4}.Release|x64.Build.0 = Release|x64
		{865E3443-E745-4026-AEE0-1FBCEF8CDDA4}.RelWithDebInfo|x64.ActiveCfg = Release|x64
		{865E3443-E745-4026-AEE0-1FBCEF8CDDA4}.RelWithDebInfo|x64.Build.0 = Release|x64
		{84BE2D91-F071-4151-BE12-61460464C494}.Debug|x64.ActiveCfg = Debug|x64
		{84BE2D91-F071-4151-BE12-61460464C494}.Debug|x64.Build.0 = Debug|x64
		{84BE2D91-F071-4151-BE12-61460464C494}.MinSizeRel|x64.ActiveCfg = Release|x64
		{84BE2D91-F071-4151-BE12-61460464C494}.MinSizeRel|x64.Build.0 = Release|x64
		{84BE2D91-F071-4151-BE12-61460464C494}.Release|x64.ActiveCfg = Release|x64
		{84BE2D91-F071-4151-BE12-61460464C494}.Release|x64.Build.0 = Release|x64
		{84BE2D91-F071-4151-BE12-61460464C494}.RelWithDebInfo|x64.ActiveCfg = Release|x64
		{84BE2D91-F071-4151-BE12-61460464C494}.RelWithDebInfo|x64.Build.0 = Release|x64
		{9B60AA23-41C8-46DA-AE5C-7ABB5964A452}.Debug|x64.ActiveCfg = Debug|x64
		{9B60AA23-41C8-46DA-AE5C-7ABB5964A452}.Debug|x64.Build.0 = Debug|x64
		{9B60AA23-41C8-46DA-AE5C-7ABB5964A452}.MinSizeRel|x64.ActiveCfg = Release|x64
		{9B60AA23-41C8-46DA-AE5C-7ABB5964A452}.MinSizeRel|x64.Build.0 = Release|x64
		{9B60AA23-41C8-46DA-AE5C-7ABB5964A452}.Release|x64.ActiveCfg = Release|x64
		{9B60AA23-41C8-46DA-AE5C-7ABB5964A452}.Release|x64.Build.0 = Release|x64
		{9B60AA23-41C8-46DA-AE5C-7ABB5964A452}.RelWithDebInfo|x64.ActiveCfg = Release|x64
		{9B60AA23-41C8-46DA-AE5C-7ABB5964A452}.RelWithDebInfo|x64.Build.0 = Release|x64
		{AB58764E-84AE-415B-9DF0-F766C6E25DE5}.Debug|x64.ActiveCfg = Debug|x64
		{AB58764E-84AE-415B-9DF0-F766C6E25DE5}.Debug|x64.Build.0 = Debug|x64
		{AB58764E-84AE-415B-9DF0-F766C6E25DE5}.MinSizeRel|x64.ActiveCfg = Release|x64
		{AB58764E-84AE-415B-9DF0-F766C6E25DE5}.Release|x64.ActiveCfg = Release|x64
		{AB58764E-84AE-415B-9DF0-F766C6E25DE5}.Release|x64.Build.0 = Release|x64
		{AB58764E-84AE-415B-9DF0-F766C6E25DE5}.RelWithDebInfo|x64.ActiveCfg = Release|x64
		{B12702AD-ABFB-343A-A199-8E24837244A3}.Debug|x64.ActiveCfg = Debug|x64
		{B12702AD-ABFB-343A-A199-8E24837244A3}.Debug|x64.Build.0 = Debug|x64
		{B12702AD-ABFB-343A-A199-8E24837244A3}.MinSizeRel|x64.ActiveCfg = Release|x64
		{B12702AD-ABFB-343A-A199-8E24837244A3}.MinSizeRel|x64.Build.0 = Release|x64
		{B12702AD-ABFB-343A-A199-8E24837244A3}.Release|x64.ActiveCfg = Release|x64
		{B12702AD-ABFB-343A-A199-8E24837244A3}.Release|x64.Build.0 = Release|x64
		{B12702AD-ABFB-343A-A199-8E24837244A3}.RelWithDebInfo|x64.ActiveCfg = Release|x64
		{B12702AD-ABFB-343A-A199-8E24837244A3}.RelWithDebInfo|x64.Build.0 = Release|x64
		{A537E3AB-009A-4ECB-9279-5347719F7388}.Debug|x64.ActiveCfg = Debug|x64
		{A537E3AB-009A-4ECB-9279-5347719F7388}.Debug|x64.Build.0 = Debug|x64
		{A537E3AB-009A-4ECB-9279-5347719F7388}.MinSizeRel|x64.ActiveCfg = Release|x64
		{A537E3AB-009A-4ECB-9279-5347719F7388}.MinSizeRel|x64.Build.0 = Release|x64
		{A537E3AB-009A-4ECB-9279-5347719F7388}.Release|x64.ActiveCfg = Release|x64
		{A537E3AB-009A-4ECB-9279-5347719F7388}.Release|x64.Build.0 = Release|x64
		{A537E3AB-009A-4ECB-9279-5347719F7388}.RelWithDebInfo|x64.ActiveCfg = Release|x64
		{A537E3AB-009A-4ECB-9279-5347719F7388}.RelWithDebInfo|x64.Build.0 = Release|x64
		{61C059F4-61C6-5884-FEFD-9230EE1971E5}.Debug|x64.ActiveCfg = Debug|x64
		{61C059F4-61C6-5884-FEFD-9230EE1971E5}.Debug|x64.Build.0 = Debug|x64
		{61C059F4-61C6-5884-FEFD-9230EE1971E5}.MinSizeRel|x64.ActiveCfg = Release|x64
		{61C059F4-61C6-5884-FEFD-9230EE1971E5}.MinSizeRel|x64.Build.0 = Release|x64
		{61C059F4-61C6-5884-FEFD-9230EE1971E5}.Release|x64.ActiveCfg = Release|x64
		{61C059F4-61C6-5884-FEFD-9230EE1971E5}.Release|x64.Build.0 = Release|x64
		{61C059F4-61C6-5884-FEFD-9230EE1971E5}.RelWithDebInfo|x64.ActiveCfg = Release|x64
		{61C059F4-61C6-5884-FEFD-9230EE1971E5}.RelWithDebInfo|x64.Build.0 = Release|x64
		{62233349-A2F3-49F3-A778-2AF2333D5D43}.Debug|x64.ActiveCfg = Debug|x64
		{62233349-A2F3-49F3-A778-2AF2333D5D43}.Debug|x64.Build.0 = Debug|x64
		{62233349-A2F3-49F3-A778-2AF2333D5D43}.MinSizeRel|x64.ActiveCfg = Release|x64
		{62233349-A2F3-49F3-A778-2AF2333D5D43}.MinSizeRel|x64.Build.0 = Release|x64
		{62233349-A2F3-49F3-A778-2AF2333D5D43}.Release|x64.ActiveCfg = Release|x64
		{62233349-A2F3-49F3-A778-2AF2333D5D43}.Release|x64.Build.0 = Release|x64
		{62233349-A2F3-49F3-A778-2AF2333D5D43}.RelWithDebInfo|x64.ActiveCfg = Release|x64
		{62233349-A2F3-49F3-A778-2AF2333D5D43}.RelWithDebInfo|x64.Build.0 = Release|x64
		{B2B6E771-0680-4E19-AB53-78F5AA9FEB7A}.Debug|x64.ActiveCfg = Debug|x64
		{B2B6E771-0680-4E19-AB53-78F5AA9FEB7A}.Debug|x64.Build.0 = Debug|x64
		{B2B6E771-0680-4E19-AB53-78F5AA9FEB7A}.MinSizeRel|x64.ActiveCfg = Release|x64
		{B2B6E771-0680-4E19-AB53-78F5AA9FEB7A}.MinSizeRel|x64.Build.0 = Release|x64
		{B2B6E771-0680-4E19-AB53-78F5AA9FEB7A}.Release|x64.ActiveCfg = Release|x64
		{B2B6E771-0680-4E19-AB53-78F5AA9FEB7A}.Release|x64.Build.0 = Release|x64
		{B2B6E771-0680-4E19-AB53-78F5AA9FEB7A}.RelWithDebInfo|x64.ActiveCfg = Release|x64
		{B2B6E771-0680-4E19-AB53-78F5AA9FEB7A}.RelWithDebInfo|x64.Build.0 = Release|x64
		{10024A5F-FEE9-4568-B8FF-DAB292E65FF4}.Debug|x64.ActiveCfg = Debug|x64
		{10024A5F-FEE9-4568-B8FF-DAB292E65FF4}.Debug|x64.Build.0 = Debug|x64
		{10024A5F-FEE9-4568-B8FF-DAB292E65FF4}.MinSizeRel|x64.ActiveCfg = Release|x64
		{10024A5F-FEE9-4568-B8FF-DAB292E65FF4}.MinSizeRel|x64.Build.0 = Release|x64
		{10024A5F-FEE9-4568-B8FF-DAB292E65FF4}.Release|x64.ActiveCfg = Release|x64
		{10024A5F-FEE9-4568-B8FF-DAB292E65FF4}.Release|x64.Build.0 = Release|x64
		{10024A5F-FEE9-4568-B8FF-DAB292E65FF4}.RelWithDebInfo|x64.ActiveCfg = Release|x64
		{10024A5F-FEE9-4568-B8FF-DAB292E65FF4}.RelWithDebInfo|x64.Build.0 = Release|x64
		{4161AB6F-E436-4F6C-A882-472B207A3CCF}.Debug|x64.ActiveCfg = Debug|x64
		{4161AB6F-E436-4F6C-A882-472B207A3CCF}.Debug|x64.Build.0 = Debug|x64
		{4161AB6F-E436-4F6C-A882-472B207A3CCF}.MinSizeRel|x64.ActiveCfg = Release|x64
		{4161AB6F-E436-4F6C-A882-472B207A3CCF}.MinSizeRel|x64.Build.0 = Release|x64
		{4161AB6F-E436-4F6C-A882-472B207A3CCF}.Release|x64.ActiveCfg = Release|x64
		{4161AB6F-E436-4F6C-A882-472B207A3CCF}.Release|x64.Build.0 = Release|x64
		{4161AB6F-E436-4F6C-A882-472B207A3CCF}.RelWithDebInfo|x64.ActiveCfg = Release|x64
		{4161AB6F-E436-4F6C-A882-472B207A3CCF}.RelWithDebInfo|x64.Build.0 = Release|x64
		{FE274382-E29F-4760-8FEE-CC024558F903}.Debug|x64.ActiveCfg = Debug|x64
		{FE274382-E29F-4760-8FEE-CC024558F903}.Debug|x64.Build.0 = Debug|x64
		{FE274382-E29F-4760-8FEE-CC024558F903}.MinSizeRel|x64.ActiveCfg = Release|x64
		{FE274382-E29F-4760-8FEE-CC024558F903}.MinSizeRel|x64.Build.0 = Release|x64
		{FE274382-E29F-4760-8FEE-CC024558F903}.Release|x64.ActiveCfg = Release|x64
		{FE274382-E29F-4760-8FEE-CC024558F903}.Release|x64.Build.0 = Release|x64
		{FE274382-E29F-4760-8FEE-CC024558F903}.RelWithDebInfo|x64.ActiveCfg = Release|x64
		{FE274382-E29F-4760-8FEE-CC024558F903}.RelWithDebInfo|x64.Build.0 = Release|x64
		{668CAA4B-DBC5-4522-8D5A-4E417DEB4E51}.Debug|x64.ActiveCfg = Debug|x64
		{668CAA4B-DBC5-4522-8D5A-4E417DEB4E51}.Debug|x64.Build.0 = Debug|x64
		{668CAA4B-DBC5-4522-8D5A-4E417DEB4E51}.MinSizeRel|x64.ActiveCfg = Release|x64
		{668CAA4B-DBC5-4522-8D5A-4E417DEB4E51}.MinSizeRel|x64.Build.0 = Release|x64
		{668CAA4B-DBC5-4522-8D5A-4E417DEB4E51}.Release|x64.ActiveCfg = Release|x64
		{668CAA4B-DBC5-4522-8D5A-4E417DEB4E51}.Release|x64.Build.0 = Release|x64
		{668CAA4B-DBC5-4522-8D5A-4E417DEB4E51}.RelWithDebInfo|x64.ActiveCfg = Release|x64
		{668CAA4B-DBC5-4522-8D5A-4E417DEB4E51}.RelWithDebInfo|x64.Build.0 = Release|x64
		{93C72DDA-5819-40D9-B715-3871EEC31922}.Debug|x64.ActiveCfg = Debug|x64
		{93C72DDA-5819-40D9-B715-3871EEC31922}.Debug|x64.Build.0 = Debug|x64
		{93C72DDA-5819-40D9-B715-3871EEC31922}.MinSizeRel|x64.ActiveCfg = Release|x64
		{93C72DDA-5819-40D9-B715-3871EEC31922}.MinSizeRel|x64.Build.0 = Release|x64
		{93C72DDA-5819-40D9-B715-3871EEC31922}.Release|x64.ActiveCfg = Release|x64
		{93C72DDA-5819-40D9-B715-3871EEC31922}.Release|x64.Build.0 = Release|x64
		{93C72DDA-5819-40D9-B715-3871EEC31922}.RelWithDebInfo|x64.ActiveCfg = Release|x64
		{93C72DDA-5819-40D9-B715-3871EEC31922}.RelWithDebInfo|x64.Build.0 = Release|x64
	EndGlobalSection
	GlobalSection(SolutionProperties) = preSolution
		HideSolutionNode = FALSE
	EndGlobalSection
	GlobalSection(NestedProjects) = preSolution
		{14A3024E-EB54-412B-B3DE-444656B184C4} = {0DDF054E-61CB-4412-AB3F-D6EC764ECAB8}
		{2C8BEE90-1FCF-45DB-8779-FDF5E167FA6C} = {0DDF054E-61CB-4412-AB3F-D6EC764ECAB8}
		{276D1690-FB35-449E-B85F-8F9E98CA2729} = {0DDF054E-61CB-4412-AB3F-D6EC764ECAB8}
		{865E3443-E745-4026-AEE0-1FBCEF8CDDA4} = {0DDF054E-61CB-4412-AB3F-D6EC764ECAB8}
		{CE4BB2D7-1EF7-4FF7-BB72-EE447A180DFC} = {0DDF054E-61CB-4412-AB3F-D6EC764ECAB8}
		{84BE2D91-F071-4151-BE12-61460464C494} = {CE4BB2D7-1EF7-4FF7-BB72-EE447A180DFC}
		{9B60AA23-41C8-46DA-AE5C-7ABB5964A452} = {CE4BB2D7-1EF7-4FF7-BB72-EE447A180DFC}
		{AB58764E-84AE-415B-9DF0-F766C6E25DE5} = {D57EC953-0C4A-4F48-820B-72377AC136E8}
		{B12702AD-ABFB-343A-A199-8E24837244A3} = {D4DEFBB5-6EEC-4429-851A-5EAF6C778892}
		{A537E3AB-009A-4ECB-9279-5347719F7388} = {D4DEFBB5-6EEC-4429-851A-5EAF6C778892}
		{61C059F4-61C6-5884-FEFD-9230EE1971E5} = {D4DEFBB5-6EEC-4429-851A-5EAF6C778892}
		{62233349-A2F3-49F3-A778-2AF2333D5D43} = {D4DEFBB5-6EEC-4429-851A-5EAF6C778892}
		{B2B6E771-0680-4E19-AB53-78F5AA9FEB7A} = {B7608A00-31A5-4709-9F4C-6B6693D4EBE2}
		{541EF5C7-B99D-4DE1-A25F-8D6CE38EE571} = {B7608A00-31A5-4709-9F4C-6B6693D4EBE2}
		{10024A5F-FEE9-4568-B8FF-DAB292E65FF4} = {541EF5C7-B99D-4DE1-A25F-8D6CE38EE571}
		{4161AB6F-E436-4F6C-A882-472B207A3CCF} = {541EF5C7-B99D-4DE1-A25F-8D6CE38EE571}
		{FE274382-E29F-4760-8FEE-CC024558F903} = {CE4BB2D7-1EF7-4FF7-BB72-EE447A180DFC}
		{4045FBB5-CCEA-4C90-9DEE-CFF2A1C7B4ED} = {B7608A00-31A5-4709-9F4C-6B6693D4EBE2}
		{668CAA4B-DBC5-4522-8D5A-4E417DEB4E51} = {CE4BB2D7-1EF7-4FF7-BB72-EE447A180DFC}
		{F0FB16A8-3484-4C5C-9E20-AF1111CD149F} = {B7608A00-31A5-4709-9F4C-6B6693D4EBE2}
		{C68DB26F-AE47-442E-A9F5-74FE4E2505EF} = {B7608A00-31A5-4709-9F4C-6B6693D4EBE2}
		{93C72DDA-5819-40D9-B715-3871EEC31922} = {4045FBB5-CCEA-4C90-9DEE-CFF2A1C7B4ED}
	EndGlobalSection
	GlobalSection(ExtensibilityGlobals) = postSolution
		SolutionGuid = {1CEEEADE-2169-43BA-B962-6C04C6395653}
	EndGlobalSection
EndGlobal
