
Microsoft Visual Studio Solution File, Format Version 12.00
# Visual Studio Version 16
VisualStudioVersion = 16.0.28729.10
MinimumVisualStudioVersion = 10.0.40219.1
Project("{8BC9CEB8-8B4A-11D0-8D11-00A0C91BC942}") = "DyCore", "DianYing\DianYing.vcxproj", "{B2B6E771-0680-4E19-AB53-78F5AA9FEB7A}"
EndProject
Project("{2150E333-8FDC-42A3-9474-1A3956D46DE8}") = "Common", "Common", "{0DDF054E-61CB-4412-AB3F-D6EC764ECAB8}"
EndProject
Project("{8BC9CEB8-8B4A-11D0-8D11-00A0C91BC942}") = "DyMath", "Common\DyMath\DyMath.vcxproj", "{14A3024E-EB54-412B-B3DE-444656B184C4}"
EndProject
Project("{8BC9CEB8-8B4A-11D0-8D11-00A0C91BC942}") = "TestDyMath", "Common\TestDyMath\TestDyMath.vcxproj", "{2C8BEE90-1FCF-45DB-8779-FDF5E167FA6C}"
	ProjectSection(ProjectDependencies) = postProject
		{14A3024E-EB54-412B-B3DE-444656B184C4} = {14A3024E-EB54-412B-B3DE-444656B184C4}
	EndProjectSection
EndProject
Project("{8BC9CEB8-8B4A-11D0-8D11-00A0C91BC942}") = "DyExpression", "Common\DyExpression\DyExpression.vcxproj", "{276D1690-FB35-449E-B85F-8F9E98CA2729}"
EndProject
Project("{2150E333-8FDC-42A3-9474-1A3956D46DE8}") = "Solution Items", "Solution Items", "{33DB1086-807C-404A-8839-4C35120BFDE8}"
	ProjectSection(SolutionItems) = preProject
		README.md = README.md
	EndProjectSection
EndProject
Project("{8BC9CEB8-8B4A-11D0-8D11-00A0C91BC942}") = "TestDyExpr", "Common\TestDyExpr\TestDyExpr.vcxproj", "{865E3443-E745-4026-AEE0-1FBCEF8CDDA4}"
EndProject
Project("{2150E333-8FDC-42A3-9474-1A3956D46DE8}") = "ThirdParty", "ThirdParty", "{CE4BB2D7-1EF7-4FF7-BB72-EE447A180DFC}"
EndProject
Project("{8BC9CEB8-8B4A-11D0-8D11-00A0C91BC942}") = "Msdfgen", "Common\ThirdParty\msdfgen\Msdfgen.vcxproj", "{84BE2D91-F071-4151-BE12-61460464C494}"
EndProject
Project("{8BC9CEB8-8B4A-11D0-8D11-00A0C91BC942}") = "Lua", "Common\ThirdParty\Lua\Lua.vcxproj", "{9B60AA23-41C8-46DA-AE5C-7ABB5964A452}"
EndProject
Project("{2150E333-8FDC-42A3-9474-1A3956D46DE8}") = "Sample", "Sample", "{D57EC953-0C4A-4F48-820B-72377AC136E8}"
EndProject
Project("{8BC9CEB8-8B4A-11D0-8D11-00A0C91BC942}") = "Astronaut", "Sample\Astronaut\Astronaut.vcxproj", "{AB58764E-84AE-415B-9DF0-F766C6E25DE5}"
EndProject
Project("{2150E333-8FDC-42A3-9474-1A3956D46DE8}") = "Tool", "Tool", "{D4DEFBB5-6EEC-4429-851A-5EAF6C778892}"
EndProject
Project("{8BC9CEB8-8B4A-11D0-8D11-00A0C91BC942}") = "DyFontAtlasGenerator", "Tool\DyFontAtlasGenerator\DyFontAtlasGenerator.vcxproj", "{B12702AD-ABFB-343A-A199-8E24837244A3}"
EndProject
Project("{8BC9CEB8-8B4A-11D0-8D11-00A0C91BC942}") = "DyModelExporter", "Tool\DyModelExporter\DyModelExporter.vcxproj", "{A537E3AB-009A-4ECB-9279-5347719F7388}"
EndProject
Project("{8BC9CEB8-8B4A-11D0-8D11-00A0C91BC942}") = "DyModelGenerator_App", "Tool\DyModelGenerator\Builds\VisualStudio2017\DyModelGenerator_App.vcxproj", "{61C059F4-61C6-5884-FEFD-9230EE1971E5}"
EndProject
Global
	GlobalSection(SolutionConfigurationPlatforms) = preSolution
		Debug|x64 = Debug|x64
		Release|x64 = Release|x64
	EndGlobalSection
	GlobalSection(ProjectConfigurationPlatforms) = postSolution
		{B2B6E771-0680-4E19-AB53-78F5AA9FEB7A}.Debug|x64.ActiveCfg = Debug|x64
		{B2B6E771-0680-4E19-AB53-78F5AA9FEB7A}.Debug|x64.Build.0 = Debug|x64
		{B2B6E771-0680-4E19-AB53-78F5AA9FEB7A}.Release|x64.ActiveCfg = Release|x64
		{B2B6E771-0680-4E19-AB53-78F5AA9FEB7A}.Release|x64.Build.0 = Release|x64
		{14A3024E-EB54-412B-B3DE-444656B184C4}.Debug|x64.ActiveCfg = Debug|x64
		{14A3024E-EB54-412B-B3DE-444656B184C4}.Debug|x64.Build.0 = Debug|x64
		{14A3024E-EB54-412B-B3DE-444656B184C4}.Release|x64.ActiveCfg = Release|x64
		{14A3024E-EB54-412B-B3DE-444656B184C4}.Release|x64.Build.0 = Release|x64
		{2C8BEE90-1FCF-45DB-8779-FDF5E167FA6C}.Debug|x64.ActiveCfg = Debug|x64
		{2C8BEE90-1FCF-45DB-8779-FDF5E167FA6C}.Debug|x64.Build.0 = Debug|x64
		{2C8BEE90-1FCF-45DB-8779-FDF5E167FA6C}.Release|x64.ActiveCfg = Release|x64
		{2C8BEE90-1FCF-45DB-8779-FDF5E167FA6C}.Release|x64.Build.0 = Release|x64
		{276D1690-FB35-449E-B85F-8F9E98CA2729}.Debug|x64.ActiveCfg = Debug|x64
		{276D1690-FB35-449E-B85F-8F9E98CA2729}.Debug|x64.Build.0 = Debug|x64
		{276D1690-FB35-449E-B85F-8F9E98CA2729}.Release|x64.ActiveCfg = Release|x64
		{276D1690-FB35-449E-B85F-8F9E98CA2729}.Release|x64.Build.0 = Release|x64
		{865E3443-E745-4026-AEE0-1FBCEF8CDDA4}.Debug|x64.ActiveCfg = Debug|x64
		{865E3443-E745-4026-AEE0-1FBCEF8CDDA4}.Debug|x64.Build.0 = Debug|x64
		{865E3443-E745-4026-AEE0-1FBCEF8CDDA4}.Release|x64.ActiveCfg = Release|x64
		{865E3443-E745-4026-AEE0-1FBCEF8CDDA4}.Release|x64.Build.0 = Release|x64
		{84BE2D91-F071-4151-BE12-61460464C494}.Debug|x64.ActiveCfg = Debug|x64
		{84BE2D91-F071-4151-BE12-61460464C494}.Debug|x64.Build.0 = Debug|x64
		{84BE2D91-F071-4151-BE12-61460464C494}.Release|x64.ActiveCfg = Release|x64
		{84BE2D91-F071-4151-BE12-61460464C494}.Release|x64.Build.0 = Release|x64
		{9B60AA23-41C8-46DA-AE5C-7ABB5964A452}.Debug|x64.ActiveCfg = Debug|x64
		{9B60AA23-41C8-46DA-AE5C-7ABB5964A452}.Debug|x64.Build.0 = Debug|x64
		{9B60AA23-41C8-46DA-AE5C-7ABB5964A452}.Release|x64.ActiveCfg = Release|x64
		{9B60AA23-41C8-46DA-AE5C-7ABB5964A452}.Release|x64.Build.0 = Release|x64
		{AB58764E-84AE-415B-9DF0-F766C6E25DE5}.Debug|x64.ActiveCfg = Debug|x64
		{AB58764E-84AE-415B-9DF0-F766C6E25DE5}.Debug|x64.Build.0 = Debug|x64
		{AB58764E-84AE-415B-9DF0-F766C6E25DE5}.Release|x64.ActiveCfg = Release|x64
		{AB58764E-84AE-415B-9DF0-F766C6E25DE5}.Release|x64.Build.0 = Release|x64
		{B12702AD-ABFB-343A-A199-8E24837244A3}.Debug|x64.ActiveCfg = Debug|x64
		{B12702AD-ABFB-343A-A199-8E24837244A3}.Debug|x64.Build.0 = Debug|x64
		{B12702AD-ABFB-343A-A199-8E24837244A3}.Release|x64.ActiveCfg = Release|x64
		{B12702AD-ABFB-343A-A199-8E24837244A3}.Release|x64.Build.0 = Release|x64
		{A537E3AB-009A-4ECB-9279-5347719F7388}.Debug|x64.ActiveCfg = Debug|x64
		{A537E3AB-009A-4ECB-9279-5347719F7388}.Debug|x64.Build.0 = Debug|x64
		{A537E3AB-009A-4ECB-9279-5347719F7388}.Release|x64.ActiveCfg = Release|x64
		{A537E3AB-009A-4ECB-9279-5347719F7388}.Release|x64.Build.0 = Release|x64
		{61C059F4-61C6-5884-FEFD-9230EE1971E5}.Debug|x64.ActiveCfg = Debug|x64
		{61C059F4-61C6-5884-FEFD-9230EE1971E5}.Debug|x64.Build.0 = Debug|x64
		{61C059F4-61C6-5884-FEFD-9230EE1971E5}.Release|x64.ActiveCfg = Release|x64
		{61C059F4-61C6-5884-FEFD-9230EE1971E5}.Release|x64.Build.0 = Release|x64
	EndGlobalSection
	GlobalSection(SolutionProperties) = preSolution
		HideSolutionNode = FALSE
	EndGlobalSection
	GlobalSection(NestedProjects) = preSolution
		{14A3024E-EB54-412B-B3DE-444656B184C4} = {0DDF054E-61CB-4412-AB3F-D6EC764ECAB8}
		{2C8BEE90-1FCF-45DB-8779-FDF5E167FA6C} = {0DDF054E-61CB-4412-AB3F-D6EC764ECAB8}
		{276D1690-FB35-449E-B85F-8F9E98CA2729} = {0DDF054E-61CB-4412-AB3F-D6EC764ECAB8}
		{865E3443-E745-4026-AEE0-1FBCEF8CDDA4} = {0DDF054E-61CB-4412-AB3F-D6EC764ECAB8}
		{CE4BB2D7-1EF7-4FF7-BB72-EE447A180DFC} = {0DDF054E-61CB-4412-AB3F-D6EC764ECAB8}
		{84BE2D91-F071-4151-BE12-61460464C494} = {CE4BB2D7-1EF7-4FF7-BB72-EE447A180DFC}
		{9B60AA23-41C8-46DA-AE5C-7ABB5964A452} = {CE4BB2D7-1EF7-4FF7-BB72-EE447A180DFC}
		{AB58764E-84AE-415B-9DF0-F766C6E25DE5} = {D57EC953-0C4A-4F48-820B-72377AC136E8}
		{B12702AD-ABFB-343A-A199-8E24837244A3} = {D4DEFBB5-6EEC-4429-851A-5EAF6C778892}
		{A537E3AB-009A-4ECB-9279-5347719F7388} = {D4DEFBB5-6EEC-4429-851A-5EAF6C778892}
		{61C059F4-61C6-5884-FEFD-9230EE1971E5} = {D4DEFBB5-6EEC-4429-851A-5EAF6C778892}
	EndGlobalSection
	GlobalSection(ExtensibilityGlobals) = postSolution
		SolutionGuid = {1CEEEADE-2169-43BA-B962-6C04C6395653}
	EndGlobalSection
EndGlobal
