<?xml version="1.0" encoding="utf-8"?>
<Project ToolsVersion="4.0" xmlns="http://schemas.microsoft.com/developer/msbuild/2003">
  <ItemGroup>
    <ClInclude Include="Include\Math\Common\TGlobalTypes.h" />
    <ClInclude Include="Include\Math\Common\XGlobalMacroes.h" />
    <ClInclude Include="Include\Math\Common\XGlobalUtilites.h" />
    <ClInclude Include="Include\Math\Common\XRemoveMacroes.h" />
    <ClInclude Include="Include\Math\Utility\XMath.h" />
    <ClInclude Include="Include\Math\Utility\XLinearMath.h" />
    <ClInclude Include="Include\Math\Type\Math\DVector2.h" />
    <ClInclude Include="Include\Math\Type\Math\DVector3.h" />
    <ClInclude Include="Include\Math\Type\Math\DVector4.h" />
    <ClInclude Include="Include\Math\Type\Math\DMatrix2.h" />
    <ClInclude Include="Include\Math\Type\Math\DMatrix3.h" />
    <ClInclude Include="Include\Math\Type\Math\DMatrix4.h" />
    <ClInclude Include="Include\Math\Type\Math\DQuat.h" />
    <ClInclude Include="Include\Math\Type\Math\EAxis.h" />
    <ClInclude Include="Include\Math\Utility\XMathTrigonometry.h" />
    <ClInclude Include="Include\Math\Type\Micellanous\DTristateBool.h" />
    <ClInclude Include="Include\Math\Type\Shape\DPlane.h" />
    <ClInclude Include="Include\Math\Type\Micellanous\DArea2D.h" />
    <ClInclude Include="Include\Math\Type\Micellanous\DArea3D.h" />
    <ClInclude Include="Include\Math\Type\Micellanous\DClamp.h" />
    <ClInclude Include="Include\Math\Type\Shape\DSphere.h" />
    <ClInclude Include="Include\Math\Utility\XGraphicsMath.h" />
    <ClInclude Include="Include\Math\Type\Micellanous\EGraphics.h" />
    <ClInclude Include="Include\Math\Type\Micellanous\EProjection.h" />
    <ClInclude Include="Include\Math\Utility\XRandom.h" />
    <ClInclude Include="Include\Math\Type\Micellanous\ERandomPolicy.h" />
    <ClInclude Include="Include\Math\Type\Micellanous\DBounds2D.h" />
    <ClInclude Include="Include\Math\Type\Micellanous\DBounds3D.h" />
  </ItemGroup>
  <ItemGroup>
    <None Include="Include\Math\Common\Inline\TGlobalTypes.inl" />
    <None Include="Include\Math\Common\Inline\XGlobalUtilities\GetCoverableTypeOf.inl" />
    <None Include="Include\Math\Common\Inline\XGlobalUtilities\GetBiggerType.inl" />
    <None Include="Include\Math\Common\Inline\XGlobalUtilities\XGlobalUtilities.inl" />
    <None Include="Include\Math\Common\Inline\TGlobalTypes\TValueCategory.inl" />
    <None Include="Include\Math\Common\Inline\TGlobalTypes\TTypeListOf.inl" />
    <None Include="Include\Math\Type\Inline\DVector2\DVector2Common.inl" />
    <None Include="Include\Math\Type\Inline\DVector2\DVector2Int.inl" />
    <None Include="Include\Math\Type\Inline\DVector2\DVector2Real.inl" />
    <None Include="Include\Math\Type\Inline\DArea2D\DArea2DInt.inl" />
    <None Include="Include\Math\Type\Inline\DArea2D\DArea2DReal.inl" />
    <None Include="Include\Math\Type\Inline\DVector3\DVector3Common.inl" />
    <None Include="Include\Math\Type\Inline\DVector3\DVector3Int.inl" />
    <None Include="Include\Math\Type\Inline\DVector3\DVector3Real.inl" />
    <None Include="Include\Math\Utility\Inline\XLinearMath.inl" />
    <None Include="Include\Math\Type\Inline\DVector4\DVector4Common.inl" />
    <None Include="Include\Math\Type\Inline\DVector4\DVector4Int.inl" />
    <None Include="Include\Math\Type\Inline\DVector4\DVector4Real.inl" />
    <None Include="Include\Math\Type\Inline\DArea3D\DArea3DInt.inl" />
    <None Include="Include\Math\Type\Inline\DArea3D\DArea3DReal.inl" />
    <None Include="Include\Math\Type\Inline\DClamp\DClampOperator.inl" />
    <None Include="Include\Math\Type\Inline\DClamp\DClamp.inl" />
    <None Include="Include\Math\Common\Inline\XGlobalUtilities\GetRealTypeOf.inl" />
    <None Include="Include\Math\Utility\Inline\XMath\IsNearlyEqual.inl" />
    <None Include="Include\Math\Type\Inline\DPlane\DPlane.inl" />
    <None Include="Include\Math\Type\Inline\DMatrix2\DMatrix2Operator.inl" />
    <None Include="Include\Math\Type\Inline\DMatrix2\DMatrix2.inl" />
    <None Include="Include\Math\Type\Inline\DMatrix3\DMatrix3Operator.inl" />
    <None Include="Include\Math\Type\Inline\DMatrix3\DMatrix3.inl" />
    <None Include="Include\Math\Type\Inline\DMatrix4\DMatrix4Operator.inl" />
    <None Include="Include\Math\Type\Inline\DMatrix4\DMatrix4.inl" />
    <None Include="README.md" />
    <None Include="Include\Math\Type\Inline\DQuat\DQuat.inl" />
    <None Include="Include\Math\Utility\Inline\XMath\MapValue.inl" />
    <None Include="Include\Math\Type\Inline\Micellanous\DTristateBool.inl" />
    <None Include="Include\Math\Type\Inline\DSphere\DSphere.inl" />
    <None Include="Include\Math\Utility\Inline\XMathTrigonometry.inl" />
    <None Include="Include\Math\Utility\Inline\XMath\Lerp.inl" />
    <None Include="Include\Math\Utility\Inline\XMath\ToNormalized.inl" />
    <None Include="Include\Math\Utility\Inline\XGraphicsMath.inl" />
    <None Include="Include\Math\Type\Inline\DVector4\Simd\DVector4TI32.inl" />
    <None Include="Include\Math\Type\Inline\DVector4\Simd\DVector4TI32Common.inl" />
    <None Include="Include\Math\Type\Inline\DVector4\Simd\DVector4TF32.inl" />
    <None Include="Include\Math\Type\Inline\DVector4\Simd\DVector4TF32Common.inl" />
    <None Include="Include\Math\Utility\Inline\XRandom.inl" />
    <None Include="Include\Math\Type\Inline\DBounds2D\DBounds2DReal.inl" />
    <None Include="Include\Math\Type\Inline\DBounds2D\DBounds2DInt.inl" />
    <None Include="Include\Math\Type\Inline\DBounds2D\DBounds2DCommon.inl" />
    <None Include="Include\Math\Utility\Inline\XMath\MinMax.inl" />
    <None Include="Include\Math\Type\Inline\DBounds3D\DBounds3DInt.inl" />
    <None Include="Include\Math\Type\Inline\DBounds3D\DBounds3DReal.inl" />
    <None Include="Include\Math\Type\Inline\DBounds3D\DBounds3DCommon.inl" />
  </ItemGroup>
</Project>