<?xml version="1.0" encoding="utf-8"?>
<Project ToolsVersion="4.0" xmlns="http://schemas.microsoft.com/developer/msbuild/2003">
  <ItemGroup>
    <ClCompile Include="Source\Entry\entry.cc" />
    <ClCompile Include="Source\precompiled.cc" />
    <ClCompile Include="Source\Management\TimeManager.cc" />
    <ClCompile Include="Source\Management\SettingManager.cc" />
    <ClCompile Include="Source\Helper\Math\Math.cc" />
    <ClCompile Include="Source\Helper\Math\Random.cc" />
    <ClCompile Include="Source\Helper\Type\Color.cc" />
    <ClCompile Include="Source\Helper\Type\Color32.cc" />
    <ClCompile Include="Source\Helper\Type\Vector2.cc" />
    <ClCompile Include="Source\Helper\Type\Vector3.cc" />
    <ClCompile Include="Source\Helper\Type\Vector4.cc" />
    <ClCompile Include="Libraries\imgui\imgui\imgui.cpp" />
    <ClCompile Include="Libraries\imgui\imgui\imgui_impl_opengl3.cpp" />
    <ClCompile Include="Libraries\imgui\imgui\imgui_impl_glfw.cpp" />
    <ClCompile Include="Libraries\imgui\imgui\imgui_draw.cpp" />
    <ClCompile Include="Libraries\imgui\imgui\imgui_demo.cpp" />
    <ClCompile Include="Libraries\glad\src\glad.c" />
    <ClCompile Include="Source\Helper\Geometry\Types.cc" />
    <ClCompile Include="Source\Core\Component\Shader.cc" />
    <ClCompile Include="Source\Helper\Geometry\Mesh.cc" />
    <ClCompile Include="Source\Core\Component\Material.cc" />
    <ClCompile Include="Source\Core\Component\Model.cc" />
    <ClCompile Include="Source\Core\Component\Texture.cc" />
    <ClCompile Include="Source\Helper\Type\Matrix2.cc" />
  </ItemGroup>
  <ItemGroup>
    <ClInclude Include="Include\precompiled.h" />
    <ClInclude Include="Include\Dy\Helper\macroes.h" />
    <ClInclude Include="Include\Dy\Helper\disable_warnings.h" />
    <ClInclude Include="Include\Dy\Helper\aliases.h" />
    <ClInclude Include="Include\Dy\Helper\enum_flags.h" />
    <ClInclude Include="Include\Dy\Management\TimeManager.h" />
    <ClInclude Include="Include\Dy\Management\SettingManager.h" />
    <ClInclude Include="Include\Dy\Management\Interface\ISingletonCrtp.h" />
    <ClInclude Include="Include\Dy\Helper\Type\Vector3.h" />
    <ClInclude Include="Include\Dy\Helper\Type\Quaternion.h" />
    <ClInclude Include="Include\Dy\Helper\Type\Vector2.h" />
    <ClInclude Include="Include\Dy\Helper\Type\Vector4.h" />
    <ClInclude Include="Include\Dy\Helper\Type\Transform.h" />
    <ClInclude Include="Include\Dy\Helper\Type\MathEnum.h" />
    <ClInclude Include="Include\Dy\Helper\Type\Color.h" />
    <ClInclude Include="Include\Dy\Helper\Type\Color32.h" />
    <ClInclude Include="Include\Dy\Helper\Math\Random.h" />
    <ClInclude Include="Include\Dy\Helper\Math\Math.h" />
    <ClInclude Include="Libraries\imgui\imgui\imgui.h" />
    <ClInclude Include="Libraries\imgui\imgui\imconfig.h" />
    <ClInclude Include="Libraries\imgui\imgui\imgui_impl_opengl3.h" />
    <ClInclude Include="Libraries\imgui\imgui\imgui_impl_glfw.h" />
    <ClInclude Include="Libraries\glad\include\glad\glad.h" />
    <ClInclude Include="Include\Dy\Helper\Geometry\Types.h" />
    <ClInclude Include="Include\Dy\Core\Component\Shader.h" />
    <ClInclude Include="Include\Dy\Helper\Type\Matrix4.h" />
    <ClInclude Include="Include\Dy\Helper\Type\Matrix3.h" />
    <ClInclude Include="Include\Dy\Helper\Type\Matrix2.h" />
    <ClInclude Include="Include\Dy\Helper\IoHelper.h" />
    <ClInclude Include="Include\Dy\Core\Component\Material.h" />
    <ClInclude Include="Include\Dy\Core\Component\Model.h" />
    <ClInclude Include="Include\Dy\Core\Component\Texture.h" />
    <ClInclude Include="Include\Dy\Helper\Geometry\Mesh.h" />
  </ItemGroup>
  <ItemGroup>
    <FxCompile Include="Source\box.hlsl" />
  </ItemGroup>
</Project>