<?xml version="1.0" encoding="utf-8"?>
<Project ToolsVersion="4.0" xmlns="http://schemas.microsoft.com/developer/msbuild/2003">
  <ItemGroup>
    <ClCompile Include="Source\precompiled.cc" />
    <ClCompile Include="Source\Management\TimeManager.cc" />
    <ClCompile Include="Source\Management\SettingManager.cc" />
    <ClCompile Include="Source\Helper\Math\Math.cc" />
    <ClCompile Include="Source\Helper\Math\Random.cc" />
    <ClCompile Include="Source\Helper\Type\Vector2.cc" />
    <ClCompile Include="Source\Helper\Type\Vector3.cc" />
    <ClCompile Include="Source\Helper\Type\Vector4.cc" />
    <ClCompile Include="Libraries\imgui\imgui\imgui.cpp" />
    <ClCompile Include="Libraries\imgui\imgui\imgui_impl_opengl3.cpp" />
    <ClCompile Include="Libraries\imgui\imgui\imgui_impl_glfw.cpp" />
    <ClCompile Include="Libraries\imgui\imgui\imgui_draw.cpp" />
    <ClCompile Include="Libraries\imgui\imgui\imgui_demo.cpp" />
    <ClCompile Include="Source\Helper\Geometry\Types.cc" />
    <ClCompile Include="Source\Helper\Type\Matrix2.cc" />
    <ClCompile Include="Source\Helper\Type\Matrix3.cc" />
    <ClCompile Include="Source\Helper\Type\Matrix4.cc" />
    <ClCompile Include="Source\Helper\Internal\ImageBinaryBuffer.cc" />
    <ClCompile Include="Source\Management\WindowManager.cc" />
    <ClCompile Include="Source\Management\LoggingManager.cc" />
    <ClCompile Include="Source\Helper\ThreadPool.cc" />
    <ClCompile Include="Source\Management\InputManager.cc" />
    <ClCompile Include="Source\Helper\Type\Quaternion.cc" />
    <ClCompile Include="Source\Helper\IoHelper.cc" />
    <ClCompile Include="Libraries\glad\src\glad.c" />
    <ClCompile Include="Source\Entry\Entry.cc" />
    <ClCompile Include="Source\Editor\Gui\MainMenu.cc" />
    <ClCompile Include="Source\Management\Editor\GuiManager.cc" />
    <ClCompile Include="Source\Editor\Gui\EtcDialog.cc" />
    <ClCompile Include="Source\Management\Editor\GuiWindowFactory.cc" />
    <ClCompile Include="Source\Editor\Gui\HelpAboutMain.cc" />
    <ClCompile Include="Source\Editor\Gui\HelpLicenseWindow.cc" />
    <ClCompile Include="Source\Editor\Gui\ViewViewportMain.cc" />
    <ClCompile Include="Source\Builtin\ShaderGl\RenderPass.cc" />
    <ClCompile Include="Source\Editor\Gui\LogWindow.cc" />
    <ClCompile Include="Source\Management\Helper\GuiLogStreamSink.cc" />
    <ClCompile Include="Source\Editor\Gui\MainSetting.cc" />
    <ClCompile Include="Source\Management\Editor\GuiSetting.cc" />
    <ClCompile Include="Source\Editor\Gui\ViewDetailView.cc" />
    <ClCompile Include="Source\Editor\Gui\ViewWorldOutliner.cc" />
    <ClCompile Include="Source\Builtin\ShaderGl\RenderColorGeometry.cc" />
    <ClCompile Include="Source\Builtin\Model\Box.cc" />
    <ClCompile Include="Source\Editor\Gui\Dialog\ProjectCreator.cc" />
    <ClCompile Include="Source\Editor\Gui\Helper\ComponentHelper.cc" />
    <ClCompile Include="Source\Editor\Helper\Win32Helper.cc" />
    <ClCompile Include="Source\Management\SoundManager.cc" />
    <ClCompile Include="Source\Builtin\Object\Light\DirectionalLight.cc" />
    <ClCompile Include="Source\Management\Helper\PhysXErrorCallback.cc" />
    <ClCompile Include="Source\Management\PhysicsManager.cc" />
    <ClCompile Include="Source\Management\FontManager.cc" />
    <ClCompile Include="Source\Element\Level.cc" />
    <ClCompile Include="Source\Builtin\ShaderGl\RenderDeferredRendering.cc" />
    <ClCompile Include="Source\Element\Actor.cc" />
    <ClCompile Include="Source\Element\Abstract\ADyTransformable.cc" />
    <ClCompile Include="Source\Management\WorldManager.cc" />
    <ClCompile Include="Source\Management\Helper\PhysxSimulationCallback.cc" />
    <ClCompile Include="Source\Helper\Type\ThreeStateBool.cc" />
    <ClCompile Include="Source\Element\Abstract\ADyBaseComponent.cc" />
    <ClCompile Include="Source\Component\CDyTransform.cc" />
    <ClCompile Include="Source\Component\Abstract\ADyGeneralBaseComponent.cc" />
    <ClCompile Include="Source\Component\CDyModelFilter.cc" />
    <ClCompile Include="Source\Component\CDyModelRenderer.cc" />
    <ClCompile Include="Source\Component\CDyCamera.cc" />
    <ClCompile Include="Source\Builtin\ShaderGl\RenderOpaqueStatic.cc" />
    <ClCompile Include="Source\Builtin\Material\OpaqueStaticPlain.cc" />
    <ClCompile Include="Source\Builtin\Model\Plain.cc" />
    <ClCompile Include="Source\Builtin\Model\Sphere.cc" />
    <ClCompile Include="Source\Builtin\Texture\Checker.cc" />
    <ClCompile Include="Source\Builtin\Texture\ErrorBlue.cc" />
    <ClCompile Include="Source\Helper\Type\DyString.cc" />
    <ClCompile Include="Source\Management\ScriptManager.cc" />
    <ClCompile Include="Source\Component\CDyDirectionalLight.cc" />
    <ClCompile Include="Source\Management\Type\AttachmentInformation.cc" />
    <ClCompile Include="Source\Management\BindingLua\BindingGlobalType.cc" />
    <ClCompile Include="Source\Management\BindingLua\Entry.cc" />
    <ClCompile Include="Source\Management\BindingLua\BindingComponentType.cc" />
    <ClCompile Include="Source\Meta\Descriptor\WidgetCommponDescriptor.cc" />
    <ClCompile Include="Source\Builtin\Model\ScreenProjectionTriangle.cc" />
    <ClCompile Include="Source\Builtin\ShaderGl\RenderScreenOutput.cc" />
    <ClCompile Include="Libraries\msdfgen\core\Bitmap.cpp" />
    <ClCompile Include="Libraries\msdfgen\core\Contour.cpp" />
    <ClCompile Include="Libraries\msdfgen\core\edge-coloring.cpp" />
    <ClCompile Include="Libraries\msdfgen\core\EdgeHolder.cpp" />
    <ClCompile Include="Libraries\msdfgen\core\edge-segments.cpp" />
    <ClCompile Include="Libraries\msdfgen\core\equation-solver.cpp" />
    <ClCompile Include="Libraries\msdfgen\core\msdfgen.cpp" />
    <ClCompile Include="Libraries\msdfgen\core\render-sdf.cpp" />
    <ClCompile Include="Libraries\msdfgen\core\save-bmp.cpp" />
    <ClCompile Include="Libraries\msdfgen\core\Shape.cpp" />
    <ClCompile Include="Libraries\msdfgen\core\shape-description.cpp" />
    <ClCompile Include="Libraries\msdfgen\core\SignedDistance.cpp" />
    <ClCompile Include="Libraries\msdfgen\core\Vector2.cpp" />
    <ClCompile Include="Source\Meta\Information\FontMetaInformation.cc" />
    <ClCompile Include="Source\Management\Type\FontResourceContainer.cc" />
    <ClCompile Include="Source\Management\Type\FontCharacterInfo.cc" />
    <ClCompile Include="Source\Element\Canvas\Text.cc" />
    <ClCompile Include="Source\Management\Type\SettingContainer.cc" />
    <ClCompile Include="Source\Helper\Type\VectorInt2.cc" />
    <ClCompile Include="Source\Management\Platform\DDyWindowInformationWindows.cc" />
    <ClCompile Include="Source\Core\Thread\TDyIO.cc" />
    <ClCompile Include="Source\Management\Type\KeyAxisBindingInformation.cc" />
    <ClCompile Include="Source\Management\Type\KeyActionBindingInformation.cc" />
    <ClCompile Include="Source\Core\DyEngine.cc" />
    <ClCompile Include="Source\Builtin\Widget\DebugUiMeta.cc" />
    <ClCompile Include="Source\Management\IO\MetaInfoManager.cc" />
    <ClCompile Include="Source\Management\Rendering\FramebufferManager.cc" />
    <ClCompile Include="Source\Management\Rendering\UniformBufferObjectManager.cc" />
    <ClCompile Include="Source\Management\Rendering\RenderingManager.cc" />
    <ClCompile Include="Source\Meta\Information\ScriptMetaInformation.cc" />
    <ClCompile Include="Source\Helper\Library\HelperZlib.cc" />
    <ClCompile Include="Source\Helper\Library\HelperJson.cc" />
    <ClCompile Include="Source\Helper\Type\Area2D.cc" />
    <ClCompile Include="Source\Meta\Type\EDyWidgetTypes.cc" />
    <ClCompile Include="Source\Meta\Descriptor\WidgetTextMetaInformation.cc" />
    <ClCompile Include="Source\Meta\Descriptor\WidgetLayoutMetaInformation.cc" />
    <ClCompile Include="Source\Meta\Information\PrefabMetaInformation.cc" />
    <ClCompile Include="Source\Element\Descriptor\GlobalEnums.cc" />
    <ClCompile Include="Source\Meta\Type\EDyComponentTypes.cc" />
    <ClCompile Include="Source\Meta\Information\ComponentMetaInformation.cc" />
    <ClCompile Include="Source\Meta\Information\ComponentLightMetaInfo.cc" />
    <ClCompile Include="Source\Helper\Type\ColorRGBA32.cc" />
    <ClCompile Include="Source\Helper\Type\ColorRGBA.cc" />
    <ClCompile Include="Source\Helper\Type\ColorRGB24.cc" />
    <ClCompile Include="Source\Meta\Information\ElementLevelMetaInfo.cc" />
    <ClCompile Include="Source\Meta\Information\ElementObjectMetaInfo.cc" />
    <ClCompile Include="Source\Builtin\Script\DebugUiScriptCpp.cc" />
    <ClCompile Include="Source\Element\Canvas\Widget.cc" />
    <ClCompile Include="Source\Element\Canvas\UiObjectChildrenable.cc" />
    <ClCompile Include="Source\Component\Abstract\ADyWidgetCppScript.cc" />
    <ClCompile Include="Source\Component\Abstract\ADyActorCppScript.cc" />
    <ClCompile Include="Source\Element\Canvas\UiObject.cc" />
    <ClCompile Include="Source\Meta\Descriptor\WidgetBarMetaInformation.cc" />
    <ClCompile Include="Source\Element\Canvas\FDyBasicGuageBar.cc" />
    <ClCompile Include="Source\Meta\Descriptor\WidgetImageMetaInformation.cc" />
    <ClCompile Include="Source\Element\Canvas\FDyImage.cc" />
    <ClCompile Include="Source\Core\Reflection\RDyBuiltinResources.cc" />
    <ClCompile Include="Source\Meta\Information\MetaInfoGLShader.cc" />
    <ClCompile Include="Source\Builtin\Abstract\ADyGLShaderResources.cc" />
    <ClCompile Include="Source\Meta\Information\MetaInfoModel.cc" />
    <ClCompile Include="Source\Builtin\Abstract\ADyModelResource.cc" />
    <ClCompile Include="Source\Meta\Information\MetaInfoTexture.cc" />
    <ClCompile Include="Source\Meta\Type\EDyTextureParameter.cc" />
    <ClCompile Include="Source\Builtin\Abstract\ADyTextureResource.cc" />
    <ClCompile Include="Source\Meta\Information\MetaInfoMaterial.cc" />
    <ClCompile Include="Source\Core\Resource\Internal\EtcType.cc" />
    <ClCompile Include="Source\Core\Resource\Internal\MaterialType.cc" />
    <ClCompile Include="Source\Core\Resource\Object\Grid.cc" />
    <ClCompile Include="Source\Management\Internal\MDySynchronization.cc" />
    <ClCompile Include="Source\Core\Thread\IO\DDyIOReferenceContainer.cc" />
    <ClCompile Include="Source\Core\Thread\IO\FDyIOGC.cc" />
    <ClCompile Include="Source\Core\Thread\IO\TDYIOWorker.cc" />
    <ClCompile Include="Source\Builtin\ShaderGl\PostEffect\RenderDefaultSSAOBlurring.cc" />
    <ClCompile Include="Source\Builtin\ShaderGl\PostEffect\RenderDefaultSSAO.cc" />
    <ClCompile Include="Source\Builtin\ShaderGl\Editor\RenderGrid.cc" />
    <ClCompile Include="Source\Builtin\ShaderGl\Font\RenderFontArraySDF.cc" />
    <ClCompile Include="Source\Builtin\ShaderGl\Font\RenderDefaultFont.cc" />
    <ClCompile Include="Source\Core\Resource\Information_Deprecated\SoundInformation.cc" />
    <ClCompile Include="Source\Core\Resource\Resource_Deprecated\SoundResource.cc" />
    <ClCompile Include="Source\Core\Resource\Information\FDyShaderInformation.cc" />
    <ClCompile Include="Source\Core\Resource\Information\FDyTextureInformation.cc" />
    <ClCompile Include="Source\Core\Thread\SDyIOConnectionHelper.cc" />
    <ClCompile Include="Source\Core\Thread\SDyIOWorkerConnHelper.cc" />
    <ClCompile Include="Source\Core\Rendering\Wrapper\FDyGLWrapper.cc" />
    <ClCompile Include="Source\Core\Resource\Resource\FDyTextureResource.cc" />
    <ClCompile Include="Source\Core\Resource\Resource\FDyShaderResource.cc" />
    <ClCompile Include="Source\Management\IO\MDyIOData.cc" />
    <ClCompile Include="Source\Management\IO\MDyIOResource.cc" />
    <ClCompile Include="Source\Core\Resource\Information\FDyModelInformation.cc" />
    <ClCompile Include="Source\Core\Resource\Internal\FDyMeshVBOIntermediate.cc" />
    <ClCompile Include="Source\Core\Resource\Resource\FDyModelResource.cc" />
    <ClCompile Include="Source\Core\Resource\Resource\FDyMeshResource.cc" />
    <ClCompile Include="Source\Core\Rendering\Wrapper\FDyGLWrapperSub.cc" />
    <ClCompile Include="Source\Core\Resource\Information\FDyMaterialInformation.cc" />
    <ClCompile Include="Source\Core\Resource\Resource\FDyMaterialResource.cc" />
    <ClCompile Include="Source\Core\Thread\IO\DDyIOReferenceInstance.cc" />
    <ClCompile Include="Source\Builtin\Script\Default\DefaultLoadingGlobalScriptCpp.cc" />
    <ClCompile Include="Source\Builtin\Script\Default\DefaultLoadingBootScriptCpp.cc" />
    <ClCompile Include="Source\Core\Rendering\Pipeline\BasicRenderer.cc" />
    <ClCompile Include="Source\Core\Rendering\Pipeline\DeferredRenderingMesh.cc" />
    <ClCompile Include="Source\Core\Rendering\Pipeline\FinalScreenDisplayRenderer.cc" />
    <ClCompile Include="Source\Core\Rendering\Pipeline\PostEffectSsao.cc" />
    <ClCompile Include="Source\Core\Rendering\Pipeline\UiBasicRenderer.cc" />
    <ClCompile Include="Source\Meta\Information\MetaInfoAttachment.cc" />
    <ClCompile Include="Source\Builtin\Abstract\ADyGLAttachmentResource.cc" />
    <ClCompile Include="Source\Meta\Information\MetaInfoFrameBuffer.cc" />
    <ClCompile Include="Source\Builtin\Abstract\ADyGLFrameBufferResource.cc" />
    <ClCompile Include="Source\Core\Resource\Information\FDyAttachmentInformation.cc" />
    <ClCompile Include="Source\Core\Resource\Information\FDyFrameBufferInformation.cc" />
    <ClCompile Include="Source\Core\Resource\Resource\FDyAttachmentResource.cc" />
    <ClCompile Include="Source\Core\Resource\Resource\FDyFrameBufferResource.cc" />
    <ClCompile Include="Source\Builtin\Attachment\BasicShadow\BasicShadow.cc" />
    <ClCompile Include="Source\Builtin\FrameBuffer\Deferred\FDyBtFrameBufferDeferred.cc" />
    <ClCompile Include="Source\Builtin\FrameBuffer\BasicShadow\FDyBtFBBasicShadow.cc" />
    <ClCompile Include="Source\Builtin\Attachment\SceneIntegration\FDyBtAttOutput.cc" />
    <ClCompile Include="Source\Builtin\FrameBuffer\SceneIntegration\FDyBtFbSceneIntegration.cc" />
    <ClCompile Include="Source\Builtin\FrameBuffer\UIIntegration\FDyBtFbBasic.cc" />
    <ClCompile Include="Source\Builtin\Attachment\Deferred\FDyBtAttachmentNormal.cc" />
    <ClCompile Include="Source\Builtin\Attachment\Deferred\FDyBtAttachmentPosition.cc" />
    <ClCompile Include="Source\Builtin\Attachment\Deferred\FDyBtAttachmentSpecular.cc" />
    <ClCompile Include="Source\Builtin\Attachment\Deferred\FDyBtAttachmentUnlit.cc" />
    <ClCompile Include="Source\Builtin\Attachment\UIIntegration\FDyBtAttUiBasic.cc" />
    <ClCompile Include="Source\Core\Thread\SDyIOBindingHelperResc.cc" />
    <ClCompile Include="Source\Core\Thread\SDyIOBindingHelperInfo.cc" />
    <ClCompile Include="Source\Management\Type\Input\DDyInputButton.cc" />
    <ClCompile Include="Source\Management\Type\Input\DDyJoystickAnalog.cc" />
    <ClCompile Include="Source\Meta\Type\Input\JsonInputButton.cc" />
    <ClCompile Include="Source\Builtin\Abstract\ADyMeshResource.cc" />
    <ClCompile Include="Source\Builtin\Mesh\FDyBtMsBox.cc" />
    <ClCompile Include="Source\Builtin\Mesh\FDyBtMsPlain.cc" />
    <ClCompile Include="Source\Builtin\Mesh\FDyBtMsScrTriangle.cc" />
    <ClCompile Include="Source\Builtin\Mesh\FDyBtMsSphere.cc" />
    <ClCompile Include="Source\Builtin\Mesh\FDyBtMsUiFontQuad.cc" />
    <ClCompile Include="Source\Core\Resource\Information\FDyMeshInformation.cc" />
    <ClCompile Include="Source\Builtin\Model\UiFontQuad.cc" />
    <ClCompile Include="Source\Management\Type\Time\DDyTimepoint.cc" />
    <ClCompile Include="Source\Management\Internal\MDyProfiling.cc" />
    <ClCompile Include="Source\Management\Helper\SDyProfilingHelper.cc" />
    <ClCompile Include="Source\Management\Internal\World\FDyWorldUIContainer.cc" />
    <ClCompile Include="Source\Management\Internal\Input\FDyInputDelegateManager.cc" />
    <ClCompile Include="Source\Builtin\Widget\FDyBtWdTestLoadingUi.cc" />
    <ClCompile Include="Source\Component\Actor\CDyActorScript.cc" />
    <ClCompile Include="Source\Component\Internal\Script\Widget\CDyWidgetScriptCpp.cc" />
    <ClCompile Include="Source\Component\Internal\Script\Widget\CDyWidgetScriptLua.cc" />
    <ClCompile Include="Source\Component\Internal\Script\Widget\FDyWidgetScriptStatus.cc" />
    <ClCompile Include="Source\Component\Internal\Script\Actor\CDyActorScriptCpp.cc" />
    <ClCompile Include="Source\Component\Internal\Script\Actor\CDyActorScriptLua.cc" />
    <ClCompile Include="Source\Component\Internal\Script\Actor\FDyActorScriptStatus.cc" />
    <ClCompile Include="Source\Builtin\Mesh\FDyBtMsUiImgQuad.cc" />
    <ClCompile Include="Source\Builtin\Mesh\Widget\FDyBtMsUiBarQuad.cc" />
    <ClCompile Include="Source\Builtin\ShaderGl\Widget\RenderUiBasicGaugeBar.cc" />
    <ClCompile Include="Source\Builtin\ShaderGl\Widget\RenderUIImage.cc" />
    <ClCompile Include="Source\Core\Rendering\Widget\CDyBasicGaugeBarRenderer.cc" />
    <ClCompile Include="Source\Core\Rendering\Widget\CDyFontRenderer.cc" />
    <ClCompile Include="Source\Core\Rendering\Widget\CDyImageRenderer.cc" />
    <ClCompile Include="Source\Core\Resource\Type\Shader\ADyUniformContainer.cc" />
    <ClCompile Include="Source\Core\Resource\Type\Material\ADyUniformHelper.cc" />
    <ClCompile Include="Source\Core\Resource\Type\Material\TDyMaterialBinder.cc" />
    <ClCompile Include="Source\Helper\Library\HelperRegex.cc" />
    <ClCompile Include="Source\Helper\Internal\FDyNameGenerator.cc" />
    <ClCompile Include="Source\Element\Type\DDyActorBinder.cc" />
    <ClCompile Include="Source\Management\GameTimerManager.cc" />
    <ClCompile Include="Source\Core\Thread\IO\DDyIOTaskDeferred.cc" />
    <ClCompile Include="Source\Helper\MCS\Functions.cc" />
    <ClCompile Include="data\Script\FDyBtScTestLoadingUi.cc" />
    <ClCompile Include="data\Script\DebugActor\BtScActorTest1.cc" />
    <ClCompile Include="data\Script\DebugActor\BtScActorTest2.cc" />
    <ClCompile Include="data\Script\DebugActor\BtScActorTest3.cc" />
    <ClCompile Include="Source\Component\Internal\Camera\DDyFrustumTester.cc" />
    <ClCompile Include="Source\Helper\Type\Plane.cc" />
    <ClCompile Include="Source\Helper\Library\HelperString.cc" />
    <ClCompile Include="Source\Element\Type\Timer\FDyActorTimerItem.cc" />
    <ClCompile Include="Source\Element\Type\Timer\FDyWidgetTimerItem.cc" />
    <ClCompile Include="Source\Component\Widget\CDyWidgetScript.cc" />
    <ClCompile Include="Source\Builtin\ShaderGl\Level\RenderCSMLightNormal.cc" />
    <ClCompile Include="Source\Builtin\FrameBuffer\CSM\FDyBtFbCSM.cc" />
    <ClCompile Include="Source\Builtin\Attachment\CSM\FDyBtAtLight.cc" />
    <ClCompile Include="Source\Core\Resource\Internal\TextureEnums.cc" />
    <ClCompile Include="Source\Core\Rendering\Pipeline\LevelCascadeShadowRenderer.cc" />
    <ClCompile Include="Source\Builtin\ShaderGl\Level\RendIntegrationLevelCSM.cc" />
    <ClCompile Include="Source\Core\Rendering\Pipeline\LevelCSMIntergration.cc" />
    <ClCompile Include="Source\Builtin\Attachment\Deferred\FDyBtAtDepthZValue.cc" />
  </ItemGroup>
  <ItemGroup>
    <ClInclude Include="Include\precompiled.h" />
    <ClInclude Include="Include\Dy\Management\TimeManager.h" />
    <ClInclude Include="Include\Dy\Management\SettingManager.h" />
    <ClInclude Include="Include\Dy\Management\Interface\ISingletonCrtp.h" />
    <ClInclude Include="Include\Dy\Helper\Type\Vector3.h" />
    <ClInclude Include="Include\Dy\Helper\Type\Quaternion.h" />
    <ClInclude Include="Include\Dy\Helper\Type\Vector2.h" />
    <ClInclude Include="Include\Dy\Helper\Type\Vector4.h" />
    <ClInclude Include="Include\Dy\Helper\Type\Transform.h" />
    <ClInclude Include="Include\Dy\Helper\Type\MathEnum.h" />
    <ClInclude Include="Include\Dy\Helper\Math\Random.h" />
    <ClInclude Include="Include\Dy\Helper\Math\Math.h" />
    <ClInclude Include="Libraries\imgui\imgui\imgui.h" />
    <ClInclude Include="Libraries\imgui\imgui\imconfig.h" />
    <ClInclude Include="Libraries\imgui\imgui\imgui_impl_opengl3.h" />
    <ClInclude Include="Libraries\imgui\imgui\imgui_impl_glfw.h" />
    <ClInclude Include="Include\Dy\Helper\Type\Matrix4.h" />
    <ClInclude Include="Include\Dy\Helper\Type\Matrix3.h" />
    <ClInclude Include="Include\Dy\Helper\Type\Matrix2.h" />
    <ClInclude Include="Include\Dy\Helper\IoHelper.h" />
    <ClInclude Include="Libraries\stb\stb_image.h" />
    <ClInclude Include="Include\Dy\Helper\Internal\ImageBinaryBuffer.h" />
    <ClInclude Include="Include\Dy\Management\WindowManager.h" />
    <ClInclude Include="Include\Dy\Management\LoggingManager.h" />
    <ClInclude Include="Include\Dy\Helper\ThreadPool.h" />
    <ClInclude Include="Include\Dy\Management\InputManager.h" />
    <ClInclude Include="Libraries\glad\include\glad\glad.h" />
    <ClInclude Include="Libraries\glad\include\KHR\khrplatform.h" />
    <ClInclude Include="Include\Dy\Helper\GlobalEnumFlags.h" />
    <ClInclude Include="Libraries\sol2\sol2\sol.hpp" />
    <ClInclude Include="Libraries\sol2\sol2\sol_forward.hpp" />
    <ClInclude Include="Include\Dy\Helper\GlobalType.h" />
    <ClInclude Include="Include\Dy\Editor\Literals\LibraryLicenseString.h" />
    <ClInclude Include="Include\Dy\Editor\Interface\IDyGuiWindowSingletonCrtp.h" />
    <ClInclude Include="Include\Dy\Editor\Gui\MainMenu.h" />
    <ClInclude Include="Include\Dy\Helper\HashCompileCrc32.h" />
    <ClInclude Include="Include\Dy\Management\Editor\GuiManager.h" />
    <ClInclude Include="Include\Dy\Editor\Interface\IDyGuiComponentBase.h" />
    <ClInclude Include="Include\Dy\Editor\Interface\IDyGuiHasChildren.h" />
    <ClInclude Include="Include\Dy\Editor\Descriptor\EmptyDescriptor.h" />
    <ClInclude Include="Include\Dy\Editor\Gui\EtcDialog.h" />
    <ClInclude Include="Include\Dy\Editor\Descriptor\DialogDescriptor.h" />
    <ClInclude Include="Include\Dy\Editor\Literals\DIalogMessageString.h" />
    <ClInclude Include="Include\Dy\Management\Editor\GuiWindowFactory.h" />
    <ClInclude Include="Include\Dy\Editor\Gui\HelpAboutMain.h" />
    <ClInclude Include="Include\Dy\Editor\Descriptor\AboutMainDescriptor.h" />
    <ClInclude Include="Include\Dy\Editor\Gui\HelpLicenseWindow.h" />
    <ClInclude Include="Include\Dy\Editor\Gui\ViewViewportMain.h" />
    <ClInclude Include="Include\Dy\Helper\Internal\Contracts.h" />
    <ClInclude Include="Include\Dy\Helper\Pointer.h" />
    <ClInclude Include="Include\Dy\Management\Interface\IDyThreadHelper.h" />
    <ClInclude Include="Include\Dy\Builtin\ShaderGl\RenderPass.h" />
    <ClInclude Include="Include\Dy\Editor\Gui\LogWindow.h" />
    <ClInclude Include="Include\Dy\Management\Helper\GuiLogStreamSink.h" />
    <ClInclude Include="Include\Dy\Editor\Gui\MainSetting.h" />
    <ClInclude Include="Include\Dy\Management\Editor\GuiSetting.h" />
    <ClInclude Include="Include\Dy\Element\Level.h" />
    <ClInclude Include="Include\Dy\Element\LevelScriptor.h" />
    <ClInclude Include="Include\Dy\Element\Interface\IDyColliable.h" />
    <ClInclude Include="Include\Dy\Editor\Gui\ViewWorldOutliner.h" />
    <ClInclude Include="Include\Dy\Editor\Gui\ViewDetailView.h" />
    <ClInclude Include="Include\Dy\Editor\Gui\Detail\Transform.h" />
    <ClInclude Include="Include\Dy\Element\Interface\IDyUpdatable.h" />
    <ClInclude Include="Include\Dy\Element\Interface\IDyToString.h" />
    <ClInclude Include="Include\Dy\Element\Abstract\ADyTransformable.h" />
    <ClInclude Include="Include\Dy\Builtin\ShaderGl\RenderColorGeometry.h" />
    <ClInclude Include="Include\Dy\Builtin\Model\Box.h" />
    <ClInclude Include="Include\Dy\Editor\Gui\Dialog\ProjectCreator.h" />
    <ClInclude Include="Include\Dy\Editor\Gui\Helper\ComponentHelper.h" />
    <ClInclude Include="Include\Dy\Editor\Helper\Win32Helper.h" />
    <ClInclude Include="Include\Dy\Management\SoundManager.h" />
    <ClInclude Include="Include\Dy\Builtin\Object\Light\DirectionalLight.h" />
    <ClInclude Include="Include\Dy\Management\Helper\PhysXErrorCallback.h" />
    <ClInclude Include="Include\Dy\Management\PhysicsManager.h" />
    <ClInclude Include="Include\Dy\Management\FontManager.h" />
    <ClInclude Include="Include\Dy\Element\Object.h" />
    <ClInclude Include="Include\Dy\Builtin\ShaderGl\RenderDeferredRendering.h" />
    <ClInclude Include="Include\Dy\Element\Actor.h" />
    <ClInclude Include="Include\Dy\Management\WorldManager.h" />
    <ClInclude Include="Libraries\lua\include\lua.hpp" />
    <ClInclude Include="Libraries\lua\include\lua.h" />
    <ClInclude Include="Libraries\lua\include\lapi.h" />
    <ClInclude Include="Libraries\lua\include\lauxlib.h" />
    <ClInclude Include="Libraries\lua\include\lcode.h" />
    <ClInclude Include="Libraries\lua\include\lctype.h" />
    <ClInclude Include="Libraries\lua\include\ldebug.h" />
    <ClInclude Include="Libraries\lua\include\ldo.h" />
    <ClInclude Include="Libraries\lua\include\lfunc.h" />
    <ClInclude Include="Libraries\lua\include\lgc.h" />
    <ClInclude Include="Libraries\lua\include\llex.h" />
    <ClInclude Include="Libraries\lua\include\llimits.h" />
    <ClInclude Include="Libraries\lua\include\lmem.h" />
    <ClInclude Include="Libraries\lua\include\lobject.h" />
    <ClInclude Include="Libraries\lua\include\lopcodes.h" />
    <ClInclude Include="Libraries\lua\include\lparser.h" />
    <ClInclude Include="Libraries\lua\include\lprefix.h" />
    <ClInclude Include="Libraries\lua\include\lstate.h" />
    <ClInclude Include="Libraries\lua\include\lstring.h" />
    <ClInclude Include="Libraries\lua\include\ltable.h" />
    <ClInclude Include="Libraries\lua\include\ltm.h" />
    <ClInclude Include="Libraries\lua\include\luaconf.h" />
    <ClInclude Include="Libraries\lua\include\lualib.h" />
    <ClInclude Include="Libraries\lua\include\lundump.h" />
    <ClInclude Include="Libraries\lua\include\lvm.h" />
    <ClInclude Include="Libraries\lua\include\lzio.h" />
    <ClInclude Include="Include\Dy\Management\Helper\PhysxSimulationCallback.h" />
    <ClInclude Include="Include\Dy\Helper\Type\ThreeStateBool.h" />
    <ClInclude Include="Include\Dy\Element\Abstract\ADyBaseComponent.h" />
    <ClInclude Include="Include\Dy\Element\Abstract\ADyGeneralBaseComponent.h" />
    <ClInclude Include="Include\Dy\Component\CDyTransform.h" />
    <ClInclude Include="Include\Dy\Helper\Internal\TmpCheckTypeParams.h" />
    <ClInclude Include="Include\Dy\Component\Helper\TmpCheckRemoveParams.h" />
    <ClInclude Include="Include\Dy\Component\CDyModelFilter.h" />
    <ClInclude Include="Include\Dy\Component\CDyModelRenderer.h" />
    <ClInclude Include="Include\Dy\Component\Abstract\ADyPhysicsShape.h" />
    <ClInclude Include="Include\Dy\Component\CDyPhysicsShapeBox.h" />
    <ClInclude Include="Include\Dy\Component\Abstract\ADyPhysicsRIgidbody.h" />
    <ClInclude Include="Include\Dy\Component\CDyPhysicsRigidbodyDynamic.h" />
    <ClInclude Include="Include\Dy\Component\CDyPhysicsRigidbodyStatic.h" />
    <ClInclude Include="Include\Dy\Component\Interface\IDyInitializeHelper.h" />
    <ClInclude Include="Include\Dy\Helper\Internal\CheckingRule.h" />
    <ClInclude Include="Include\Dy\Component\CDyCamera.h" />
    <ClInclude Include="Include\Dy\Builtin\ShaderGl\RenderOpaqueStatic.h" />
    <ClInclude Include="Include\Dy\Builtin\Material\OpaqueStaticPlain.h" />
    <ClInclude Include="Include\Dy\Builtin\Model\Plain.h" />
    <ClInclude Include="Include\Dy\Builtin\Model\Sphere.h" />
    <ClInclude Include="Include\Dy\Builtin\Texture\Checker.h" />
    <ClInclude Include="Include\Dy\Builtin\Texture\ErrorBlue.h" />
    <ClInclude Include="Include\Dy\Helper\Constant\StringPipelineUniform.h" />
    <ClInclude Include="Include\Dy\Helper\Type\DyString.h" />
    <ClInclude Include="Include\Dy\Element\Descriptor\CanvasDescriptor.h" />
    <ClInclude Include="Include\Dy\Component\Internal\ScriptState.h" />
    <ClInclude Include="Include\Dy\Binding\LuaScriptFrame.h" />
    <ClInclude Include="Include\Dy\Management\ScriptManager.h" />
    <ClInclude Include="Include\Dy\Element\Descriptor\GlobalEnums.h" />
    <ClInclude Include="Include\Dy\Element\Helper\DescriptorComponentHeaderString.h" />
    <ClInclude Include="Include\Dy\Component\CDyDirectionalLight.h" />
    <ClInclude Include="Include\Dy\Helper\Type\Clamp.h" />
    <ClInclude Include="Include\Dy\Helper\Type\VectorInt2.h" />
    <ClInclude Include="Include\Dy\Management\Type\FramebufferInformation.h" />
    <ClInclude Include="Include\Dy\Management\Type\AttachmentInformation.h" />
    <ClInclude Include="Include\Dy\Core\Rendering\Helper\FrameAttachmentString.h" />
    <ClInclude Include="Include\Dy\Management\Type\UBOInformation.h" />
    <ClInclude Include="Include\Dy\Helper\ContainerHelper.h" />
    <ClInclude Include="Include\Dy\Management\Helper\LuaBindingEntry.h" />
    <ClInclude Include="Include\Dy\Meta\Descriptor\WidgetCommonDescriptor.h" />
    <ClInclude Include="Include\Dy\Builtin\Model\ScreenProjectionTriangle.h" />
    <ClInclude Include="Include\Dy\Builtin\ShaderGl\RenderScreenOutput.h" />
    <ClInclude Include="Libraries\msdfgen\core\arithmetics.hpp" />
    <ClInclude Include="Libraries\msdfgen\core\Bitmap.h" />
    <ClInclude Include="Libraries\msdfgen\core\Contour.h" />
    <ClInclude Include="Libraries\msdfgen\core\EdgeColor.h" />
    <ClInclude Include="Libraries\msdfgen\core\edge-coloring.h" />
    <ClInclude Include="Libraries\msdfgen\core\EdgeHolder.h" />
    <ClInclude Include="Libraries\msdfgen\core\edge-segments.h" />
    <ClInclude Include="Libraries\msdfgen\core\equation-solver.h" />
    <ClInclude Include="Libraries\msdfgen\core\render-sdf.h" />
    <ClInclude Include="Libraries\msdfgen\core\save-bmp.h" />
    <ClInclude Include="Libraries\msdfgen\core\Shape.h" />
    <ClInclude Include="Libraries\msdfgen\core\shape-description.h" />
    <ClInclude Include="Libraries\msdfgen\core\SignedDistance.h" />
    <ClInclude Include="Libraries\msdfgen\core\Vector2.h" />
    <ClInclude Include="Libraries\msdfgen\msdfgen.h" />
    <ClInclude Include="Include\Dy\Meta\Information\FontMetaInformation.h" />
    <ClInclude Include="Include\Dy\Management\Type\FontResourceContainer.h" />
    <ClInclude Include="Include\Dy\Management\Interface\IDyFontContainer.h" />
    <ClInclude Include="Include\Dy\Management\Type\FontCharacterInfo.h" />
    <ClInclude Include="Include\Dy\Element\RenderableObject.h" />
    <ClInclude Include="Include\Dy\Component\Internal\CDyFontRenderer.h" />
    <ClInclude Include="Include\Dy\Component\Ctor\PDyFontRenderer.h" />
    <ClInclude Include="Include\Dy\Element\Canvas\Text.h" />
    <ClInclude Include="Include\Dy\Meta\Type\EDyRenderingApi.h" />
    <ClInclude Include="Include\Dy\Management\Type\SettingContainer.h" />
    <ClInclude Include="Include\Dy\Management\Type\EDyIOResourceScope.h" />
    <ClInclude Include="Include\Dy\Management\Interface\IDyWindowDependent.h" />
    <ClInclude Include="Include\Dy\Management\Platform\DDyWindowInformationWindows.h" />
    <ClInclude Include="Include\Dy\Core\Thread\TDyIO.h" />
    <ClInclude Include="Include\Dy\Management\Type\KeyAxisBindingInformation.h" />
    <ClInclude Include="Include\Dy\Management\Type\KeyActionBindingInformation.h" />
    <ClInclude Include="Include\Dy\Core\DyEngine.h" />
    <ClInclude Include="Include\Dy\Builtin\Widget\DebugUiMeta.h" />
    <ClInclude Include="Include\Dy\Builtin\Script\DebugUiScriptCpp.h" />
    <ClInclude Include="Include\Dy\Management\IO\MetaInfoManager.h" />
    <ClInclude Include="Include\Dy\Management\Rendering\RenderingManager.h" />
    <ClInclude Include="Include\Dy\Management\Rendering\FramebufferManager.h" />
    <ClInclude Include="Include\Dy\Management\Rendering\UniformBufferObjectManager.h" />
    <ClInclude Include="Include\Dy\Meta\Information\ScriptMetaInformation.h" />
    <ClInclude Include="Include\Dy\Helper\Library\HelperZlib.h" />
    <ClInclude Include="Include\Dy\Helper\System\Macroes.h" />
    <ClInclude Include="Include\Dy\Helper\System\DisableWarning.h" />
    <ClInclude Include="Include\Dy\Helper\System\Assertion.h" />
    <ClInclude Include="Include\Dy\Helper\Library\HelperJson.h" />
    <ClInclude Include="Include\Dy\Meta\Descriptor\WidgetTextMetaInformation.h" />
    <ClInclude Include="Include\Dy\Meta\Descriptor\WidgetLayoutMetaInformation.h" />
    <ClInclude Include="Include\Dy\Meta\Type\EDyWidgetTypes.h" />
    <ClInclude Include="Include\Dy\Helper\Type\Area2D.h" />
    <ClInclude Include="Include\Dy\Meta\Information\PrefabMetaInformation.h" />
    <ClInclude Include="Include\Dy\Meta\Information\ComponentMetaInformation.h" />
    <ClInclude Include="Include\Dy\Meta\Type\EDyComponentTypes.h" />
    <ClInclude Include="Include\Dy\Meta\Information\ComponentLightMetaInfo.h" />
    <ClInclude Include="Include\Dy\Helper\Type\ColorRGBA.h" />
    <ClInclude Include="Include\Dy\Helper\Type\ColorRGBA32.h" />
    <ClInclude Include="Include\Dy\Helper\Type\ColorRGB.h" />
    <ClInclude Include="Include\Dy\Helper\Type\ColorRGB24.h" />
    <ClInclude Include="Include\Dy\Meta\Information\ElementLevelMetaInfo.h" />
    <ClInclude Include="Include\Dy\Meta\Information\ElementObjectMetaInfo.h" />
    <ClInclude Include="Include\Dy\Element\Canvas\Widget.h" />
    <ClInclude Include="Include\Dy\Element\Canvas\UiObject.h" />
    <ClInclude Include="Include\Dy\Element\Canvas\UiObjectChildrenable.h" />
    <ClInclude Include="Include\Dy\Component\Abstract\ADyWidgetCppScript.h" />
    <ClInclude Include="Include\Dy\Component\Abstract\ADyActorCppScript.h" />
    <ClInclude Include="Include\Dy\Component\Interface\IDyScriptable.h" />
    <ClInclude Include="Include\Dy\Meta\Descriptor\WidgetBarMetaInformation.h" />
    <ClInclude Include="Include\Dy\Element\Canvas\FDyBasicGaugeBar.h" />
    <ClInclude Include="Include\Dy\Component\Internal\CDyBasicGaugeBarRenderer.h" />
    <ClInclude Include="Include\Dy\Component\Ctor\PDyBarTypeRenderer.h" />
    <ClInclude Include="Include\Dy\Meta\Descriptor\WidgetImageMetaInformation.h" />
    <ClInclude Include="Include\Dy\Element\Canvas\FDyImage.h" />
    <ClInclude Include="Include\Dy\Component\Ctor\PDyImageRenderer.h" />
    <ClInclude Include="Include\Dy\Component\Internal\CDyImageRenderer.h" />
    <ClInclude Include="Include\Dy\Core\Reflection\RDyBuiltinResources.h" />
    <ClInclude Include="Include\Dy\Helper\System\TypeTraits.h" />
    <ClInclude Include="Include\Dy\Meta\Type\EDyResourceTypes.h" />
    <ClInclude Include="Include\Dy\Builtin\Interface\IDyResource.h" />
    <ClInclude Include="Include\Dy\Builtin\Abstract\ADyScriptResource.h" />
    <ClInclude Include="Include\Dy\Builtin\Abstract\ADyWidgetMetaResource.h" />
    <ClInclude Include="Include\Dy\Builtin\Abstract\ADyGLShaderResource.h" />
    <ClInclude Include="Include\Dy\Builtin\Abstract\ADyTextureResource.h" />
    <ClInclude Include="Include\Dy\Meta\Information\CommonResourceMetaInfo.h" />
    <ClInclude Include="Include\Dy\Meta\Information\GLShaderMetaInformation.h" />
    <ClInclude Include="Include\Dy\Meta\Information\ModelMetaInformation.h" />
    <ClInclude Include="Include\Dy\Builtin\Abstract\ADyModelResource.h" />
    <ClInclude Include="Include\Dy\Meta\Information\MetaInfoTexture.h" />
    <ClInclude Include="Include\Dy\Meta\Type\EDyTextureParameter.h" />
    <ClInclude Include="Include\Dy\Builtin\Abstract\ADyMaterialResource.h" />
    <ClInclude Include="Include\Dy\Meta\Information\MetaInfoMaterial.h" />
    <ClInclude Include="Include\Dy\Core\Resource\Internal\EtcType.h" />
    <ClInclude Include="Include\Dy\Core\Resource\Internal\GeometryType.h" />
    <ClInclude Include="Include\Dy\Core\Resource\Internal\MaterialType.h" />
    <ClInclude Include="Include\Dy\Core\Resource\Internal\ModelType.h" />
    <ClInclude Include="Include\Dy\Core\Resource\Internal\ShaderType.h" />
    <ClInclude Include="Include\Dy\Core\Resource\Internal\TextureEnums.h" />
    <ClInclude Include="Include\Dy\Core\Resource\Internal\TextureType.h" />
    <ClInclude Include="Include\Dy\Core\Resource\Object\Grid.h" />
    <ClInclude Include="Include\Dy\Core\Resource\Type\EDyScope.h" />
    <ClInclude Include="Include\Dy\Management\Internal\MDySynchronization.h" />
    <ClInclude Include="Include\Dy\Core\Thread\IO\TDyIOWorker.h" />
    <ClInclude Include="Include\Dy\Core\Thread\IO\DDyIOReferenceInstance.h" />
    <ClInclude Include="Include\Dy\Core\Thread\IO\DDyIOTask.h" />
    <ClInclude Include="Include\Dy\Core\Thread\IO\EDyIOTask.h" />
    <ClInclude Include="Include\Dy\Core\Thread\IO\DDyIOReferenceContainer.h" />
    <ClInclude Include="Include\Dy\Core\Thread\IO\FDyIOGC.h" />
    <ClInclude Include="Include\Dy\Helper\Internal\Semaphore.h" />
    <ClInclude Include="Include\Dy\Builtin\ShaderGl\PostEffect\RenderDefaultSSAOBlurring.h" />
    <ClInclude Include="Include\Dy\Builtin\ShaderGl\PostEffect\RenderDefaultSSAO.h" />
    <ClInclude Include="Include\Dy\Builtin\ShaderGl\Editor\RenderGrid.h" />
    <ClInclude Include="Include\Dy\Builtin\ShaderGl\Font\RenderFontArraySDF.h" />
    <ClInclude Include="Include\Dy\Builtin\ShaderGl\Font\RenderDefaultFont.h" />
    <ClInclude Include="Include\Dy\Builtin\ShaderGl\UI\RenderUIBasicGaugeBar.h" />
    <ClInclude Include="Include\Dy\Builtin\ShaderGl\UI\RenderUIImage.h" />
    <ClInclude Include="Include\Dy\Core\Resource\Information_Deprecated\SoundInformation_Deprecated.h" />
    <ClInclude Include="Include\Dy\Core\Resource\Resource_Deprecated\SoundResource_Deprecated.h" />
    <ClInclude Include="Include\Dy\Core\Resource\Information\FDyShaderInformation.h" />
    <ClInclude Include="Include\Dy\Core\Thread\IO\DDyIOWorkerResult.h" />
    <ClInclude Include="Include\Dy\Core\Resource\Information\FDyTextureInformation.h" />
    <ClInclude Include="Include\Dy\Core\Thread\SDyIOConnectionHelper.h" />
    <ClInclude Include="Include\Dy\Core\Thread\SDyIOWorkerConnHelper.h" />
    <ClInclude Include="Include\Dy\Management\Type\EDyGlobalGameStatus.h" />
    <ClInclude Include="Include\Dy\Component\Abstract\ADyLoadingGlobalScript.h" />
    <ClInclude Include="Include\Dy\Meta\Type\EDyResourceType.h" />
    <ClInclude Include="Include\Dy\Builtin\Abstract\ADyLoadingBootResource.h" />
    <ClInclude Include="Include\Dy\Meta\Type\DDyResourceName.h" />
    <ClInclude Include="Include\Dy\Core\Rendering\Wrapper\FDyGLWrapper.h" />
    <ClInclude Include="Include\Dy\Core\Rendering\Wrapper\PDyGLWindowContextDescriptor.h" />
    <ClInclude Include="Include\Dy\Core\Rendering\Wrapper\PDyGLTextureDescriptor.h" />
    <ClInclude Include="Include\Dy\Core\Resource\Resource\FDyTextureResource.h" />
    <ClInclude Include="Include\Dy\Helper\Wrapper\DDyMutexUniqueHashMap.h" />
    <ClInclude Include="Include\Dy\Management\IO\MDyIOResource.h" />
    <ClInclude Include="Include\Dy\Management\IO\MDyIOData.h" />
    <ClInclude Include="Include\Dy\Core\Resource\Resource\FDyShaderResource.h" />
    <ClInclude Include="Include\Dy\Core\Rendering\Wrapper\PDyGLShaderFragmentDescriptor.h" />
    <ClInclude Include="Include\Dy\Core\Resource\Information\FDyModelInformation.h" />
    <ClInclude Include="Include\Dy\Core\Resource\Resource\FDyModelResource.h" />
    <ClInclude Include="Include\Dy\Core\Resource\Resource\FDyMeshResource.h" />
    <ClInclude Include="Include\Dy\Core\Resource\Internal\FDyMeshVBOIntermediate.h" />
    <ClInclude Include="Include\Dy\Core\Rendering\Wrapper\PDyGLBufferDescriptor.h" />
    <ClInclude Include="Include\Dy\Core\Resource\Information\FDyMaterialInformation.h" />
    <ClInclude Include="Include\Dy\Core\Resource\Resource\FDyMaterialResource.h" />
    <ClInclude Include="Include\Dy\Core\Thread\IO\DDyIOTaskDeferred.h" />
    <ClInclude Include="Include\Dy\Core\Resource\Information\FDySoundInformation.h" />
    <ClInclude Include="Include\Dy\Core\Resource\Resource\FDySoundResource.h" />
    <ClInclude Include="Include\Dy\Core\Resource\Type\TDyResourceBinder.h" />
    <ClInclude Include="Include\Dy\Core\Resource\Type\TemplateRescInfoType.h" />
    <ClInclude Include="Include\Dy\Core\Rendering\Pipeline\BasicRenderer.h" />
    <ClInclude Include="Include\Dy\Core\Rendering\Pipeline\DeferredRenderingMesh.h" />
    <ClInclude Include="Include\Dy\Core\Rendering\Pipeline\FinalScreenDisplayRenderer.h" />
    <ClInclude Include="Include\Dy\Core\Rendering\Pipeline\UIBasicRenderer.h" />
    <ClInclude Include="Include\Dy\Core\Resource\Type\FDyBinderBase.h" />
    <ClInclude Include="Include\Dy\Helper\System\Idioms.h" />
    <ClInclude Include="Include\Dy\Core\Rendering\Pipeline\PostEffectSsao.h" />
    <ClInclude Include="Include\Dy\Builtin\Abstract\ADyLoadingGlobalResource.h" />
    <ClInclude Include="Include\Dy\Builtin\Script\Default\DefaultLoadingGlobalScriptCpp.h" />
    <ClInclude Include="Include\Dy\Builtin\Script\Default\DefaultLoadingBootScriptCpp.h" />
    <ClInclude Include="Include\Dy\Meta\Information\MetaInfoAttachment.h" />
    <ClInclude Include="Include\Dy\Builtin\Abstract\ADyGLAttachmentResource.h" />
    <ClInclude Include="Include\Dy\Meta\Information\MetaInfoFrameBuffer.h" />
    <ClInclude Include="Include\Dy\Builtin\Abstract\ADyGLFrameBufferResource.h" />
    <ClInclude Include="Include\Dy\Core\Resource\Information\FDyAttachmentInformation.h" />
    <ClInclude Include="Include\Dy\Core\Resource\Information\FDyFrameBufferInformation.h" />
    <ClInclude Include="Include\Dy\Core\Resource\Resource\FDyAttachmentResource.h" />
    <ClInclude Include="Include\Dy\Core\Resource\Resource\FDyFrameBufferResource.h" />
    <ClInclude Include="Include\Dy\Core\Rendering\Wrapper\PDyGLAttachmentDescriptor.h" />
    <ClInclude Include="Include\Dy\Core\Rendering\Wrapper\PDyGLFrameBufferDescriptor.h" />
    <ClInclude Include="Include\Dy\Core\Resource\Type\EDyLazy.h" />
    <ClInclude Include="Include\Dy\Core\Resource\Type\TDyInformationBinder.h" />
    <ClInclude Include="Include\Dy\Builtin\Attachment\BasicShadow\BasicShadow.h" />
    <ClInclude Include="Include\Dy\Builtin\Attachment\Deferred\FDyBtAttachmentNormal.h" />
    <ClInclude Include="Include\Dy\Builtin\Attachment\Deferred\FDyBtAttachmentPosition.h" />
    <ClInclude Include="Include\Dy\Builtin\Attachment\Deferred\FDyBtAttachmentSpecular.h" />
    <ClInclude Include="Include\Dy\Builtin\Attachment\Deferred\FDyBtAttachmentUnlit.h" />
    <ClInclude Include="Include\Dy\Builtin\FrameBuffer\BasicShadow\FDyBtFBBasicShadow.h" />
    <ClInclude Include="Include\Dy\Builtin\FrameBuffer\Deferred\FDyBtFrameBufferDeferred.h" />
    <ClInclude Include="Include\Dy\Builtin\Attachment\SceneIntegration\FDyBtAttOutput.h" />
    <ClInclude Include="Include\Dy\Builtin\FrameBuffer\SceneIntegration\FDyBtFbSceneIntegration.h" />
    <ClInclude Include="Include\Dy\Builtin\Attachment\UIIntegration\FDyBtAttUiBasic.h" />
    <ClInclude Include="Include\Dy\Builtin\FrameBuffer\UIIntegration\FDyBtFbUiBasic.h" />
    <ClInclude Include="Include\Dy\Core\Thread\SDyIOBindingHelper.h" />
    <ClInclude Include="Include\Dy\Helper\HelperString.h" />
    <ClInclude Include="Include\Dy\Management\Type\Input\EDyInputButtonStatus.h" />
    <ClInclude Include="Include\Dy\Management\Type\Input\DDyInputButton.h" />
    <ClInclude Include="Include\Dy\Management\Type\Input\DDyJoystickAnalog.h" />
    <ClInclude Include="Include\Dy\Meta\Type\Input\EDyInputButton.h" />
    <ClInclude Include="Include\Dy\Meta\Type\Input\JsonInputButton.h" />
    <ClInclude Include="Include\Dy\Builtin\Model\UIFontQuad.h" />
    <ClInclude Include="Include\Dy\Builtin\Mesh\FDyBtMsBox.h" />
    <ClInclude Include="Include\Dy\Builtin\Mesh\FDyBtMsPlain.h" />
    <ClInclude Include="Include\Dy\Builtin\Mesh\FDyBtMsScrTriangle.h" />
    <ClInclude Include="Include\Dy\Builtin\Mesh\FDyBtMsSphere.h" />
    <ClInclude Include="Include\Dy\Builtin\Mesh\FDyBtMsUiFontQuad.h" />
    <ClInclude Include="Include\Dy\Builtin\Abstract\ADyMeshResource.h" />
    <ClInclude Include="Include\Dy\Meta\Information\MetaInfoBuiltinMesh.h" />
    <ClInclude Include="Include\Dy\Meta\Information\MetaInfoModel.h" />
    <ClInclude Include="Include\Dy\Core\Resource\Information\FDyMeshInformation.h" />
    <ClInclude Include="Include\Dy\Meta\Type\Mesh\DDyGLVaoBindInformation.h" />
    <ClInclude Include="Include\Dy\Core\Rendering\Wrapper\PDyGLVaoBindDescriptor.h" />
    <ClInclude Include="Include\Dy\Management\Type\Time\EDyTimeType.h" />
    <ClInclude Include="Include\Dy\Management\Type\Time\DDyTimepoint.h" />
    <ClInclude Include="Include\Dy\Management\Type\Time\EDyTimeDay.h" />
    <ClInclude Include="Include\Dy\Management\Type\Time\EDyTimeDST.h" />
    <ClInclude Include="Include\Dy\Management\Internal\MDyProfiling.h" />
    <ClInclude Include="Include\Dy\Helper\Internal\RWLockAtomic.h" />
    <ClInclude Include="Include\Dy\Management\Helper\SDyProfilingHelper.h" />
    <ClInclude Include="Include\Dy\Management\Internal\World\FDyWorldUIContainer.h" />
    <ClInclude Include="Include\Dy\Component\Internal\Script\FDyWidgetScriptStatus.h" />
    <ClInclude Include="Include\Dy\Component\UI\CDyWidgetScript.h" />
    <ClInclude Include="Include\Dy\Management\Internal\Input\FDyInputDelegateManager.h" />
    <ClInclude Include="Include\Dy\Builtin\Abstract\ADyLoadingWidgetMetaResource.h" />
    <ClInclude Include="Include\Dy\Builtin\Widget\FDyBtWdTestLoadingUi.h" />
    <ClInclude Include="Include\Dy\Component\Actor\CDyActorScript.h" />
    <ClInclude Include="Include\Dy\Component\Internal\Actor\FDyActorScriptStatus.h" />
    <ClInclude Include="Include\Dy\Component\Internal\Actor\CDyActorScriptBase.h" />
    <ClInclude Include="Include\Dy\Component\Internal\Actor\CDyActorScriptCpp.h" />
    <ClInclude Include="Include\Dy\Component\Internal\Actor\CDyActorScriptLua.h" />
    <ClInclude Include="Include\Dy\Component\Internal\Widget\CDyWidgetScriptCpp.h" />
    <ClInclude Include="Include\Dy\Component\Internal\Widget\CDyWidgetScriptLua.h" />
    <ClInclude Include="Include\Dy\Component\Internal\Widget\CDyWidgetScriptBase.h" />
    <ClInclude Include="Include\Dy\Builtin\Mesh\FDyBtMsUiImgQuad.h" />
    <ClInclude Include="Include\Dy\Builtin\Mesh\Widget\FDyBtMsUiBarQuad.h" />
    <ClInclude Include="Include\Dy\Core\Rendering\Type\EDyDrawType.h" />
    <ClInclude Include="Include\Dy\Core\Resource\Type\TDyResourceBinderBase.h" />
    <ClInclude Include="Include\Dy\Core\Resource\Type\Shader\TemplateUniformType.h" />
    <ClInclude Include="Include\Dy\Core\Resource\Type\Shader\TDyShaderBinder.h" />
    <ClInclude Include="Include\Dy\Core\Resource\Type\Shader\DDyUniformValue.h" />
    <ClInclude Include="Include\Dy\Core\Resource\Type\Shader\ADyUniformContainer.h" />
    <ClInclude Include="Include\Dy\Core\Resource\Type\Material\TDyMaterialBinder.h" />
    <ClInclude Include="Include\Dy\Core\Resource\Type\Material\ADyUniformHelper.h" />
    <ClInclude Include="Include\Dy\Helper\Library\HelperRegex.h" />
    <ClInclude Include="Include\Dy\Helper\Internal\FDyNameGenerator.h" />
    <ClInclude Include="Include\Dy\Element\Type\DDyTransform.h" />
    <ClInclude Include="Include\Dy\Element\Type\DDyActorBinder.h" />
    <ClInclude Include="Include\Dy\Element\Type\PDyActorCreationDescriptor.h" />
    <ClInclude Include="Include\Dy\Element\Abstract\Actor\ADyActorBinderContainer.h" />
    <ClInclude Include="Include\Dy\Management\GameTimerManager.h" />
    <ClInclude Include="Include\Dy\Element\Type\Timer\FDyTimerHandle.h" />
    <ClInclude Include="Include\DyMacroPlatformSetting.h" />
    <ClInclude Include="Include\Dy\Include\Entry.h" />
    <ClInclude Include="Include\Dy\Core\EDyAppMode.h" />
    <ClInclude Include="Include\Dy\Helper\MCS\Functions.h" />
    <ClInclude Include="data\Script\FDyBtScTestLoadingUi.h" />
    <ClInclude Include="data\Script\DebugActor\BtScActorTest1.h" />
    <ClInclude Include="data\Script\DebugActor\BtScActorTest2.h" />
    <ClInclude Include="data\Script\DebugActor\BtScActorTest3.h" />
    <ClInclude Include="Include\Dy\Component\Internal\Camera\DDyFrustumTester.h" />
    <ClInclude Include="Include\Dy\Helper\Type\Plane.h" />
    <ClInclude Include="Include\Dy\Element\Type\Timer\FDyActorTimerItem.h" />
    <ClInclude Include="Include\Dy\Element\Type\Timer\FDyWidgetTimerItem.h" />
    <ClInclude Include="Include\Dy\Element\Type\Timer\EDyTimerStatus.h" />
    <ClInclude Include="Include\Dy\Builtin\ShaderGl\Level\RenderCSMLightNormal.h" />
    <ClInclude Include="Include\Dy\Builtin\FrameBuffer\CSM\FDyBtFbCSM.h" />
    <ClInclude Include="Include\Dy\Builtin\Attachment\CSM\FDyBtAtLight.h" />
    <ClInclude Include="Include\Dy\Core\Rendering\Pipeline\LevelCascadeShadowRenderer.h" />
    <ClInclude Include="Include\Dy\Builtin\Constant\CSM.h" />
    <ClInclude Include="Include\Dy\Builtin\Constant\GeneralLevel.h" />
    <ClInclude Include="Include\Dy\Builtin\ShaderGl\Level\RendIntegrationLevelCSM.h" />
    <ClInclude Include="Include\Dy\Core\Rendering\Pipeline\LevelCSMIntegration.h" />
    <ClInclude Include="Include\Dy\Builtin\Attachment\Deferred\FDyBtAtDepthZValue.h" />
  </ItemGroup>
  <ItemGroup>
    <None Include="TestResource\Lua\variables.lua" />
    <None Include="TestResource\Lua\player_script.lua" />
    <None Include="TestResource\Lua\test_bindingscript.lua" />
  </ItemGroup>
</Project>