<?xml version="1.0" encoding="utf-8"?>
<Project ToolsVersion="4.0" xmlns="http://schemas.microsoft.com/developer/msbuild/2003">
  <ItemGroup>
    <Filter Include="Source Files">
      <UniqueIdentifier>{4FC737F1-C7A5-4376-A066-2A32D752A2FF}</UniqueIdentifier>
      <Extensions>cpp;c;cc;cxx;def;odl;idl;hpj;bat;asm;asmx</Extensions>
    </Filter>
    <Filter Include="Header Files">
      <UniqueIdentifier>{93995380-89BD-4b04-88EB-625FBE52EBFB}</UniqueIdentifier>
      <Extensions>h;hh;hpp;hxx;hm;inl;inc;xsd</Extensions>
    </Filter>
    <Filter Include="Resource Files">
      <UniqueIdentifier>{D9D6E242-F8AF-46E4-B9FD-80ECBC20BA3E}</UniqueIdentifier>
      <Extensions>qrc;*</Extensions>
      <ParseFiles>false</ParseFiles>
    </Filter>
    <Filter Include="Form Files">
      <UniqueIdentifier>{99349809-55BA-4b9d-BF79-8FDBB0286EB3}</UniqueIdentifier>
      <Extensions>ui</Extensions>
    </Filter>
    <Filter Include="Resource Files">
      <UniqueIdentifier>{D9D6E242-F8AF-46E4-B9FD-80ECBC20BA3E}</UniqueIdentifier>
      <Extensions>qrc;*</Extensions>
      <ParseFiles>false</ParseFiles>
    </Filter>
    <Filter Include="Generated Files">
      <UniqueIdentifier>{71ED8ED8-ACB9-4CE9-BBE1-E00B30144E11}</UniqueIdentifier>
      <Extensions>moc;h;cpp</Extensions>
      <SourceControlFiles>False</SourceControlFiles>
    </Filter>
  </ItemGroup>
  <ItemGroup>
    <ClCompile Include="main.cpp">
      <Filter>Source Files</Filter>
    </ClCompile>
    <ClCompile Include="precompiled.cpp">
      <Filter>Source Files</Filter>
    </ClCompile>
    <ClCompile Include="Libraries\msdfgen\core\Bitmap.cpp">
      <Filter>Source Files</Filter>
    </ClCompile>
    <ClCompile Include="Libraries\msdfgen\core\Contour.cpp">
      <Filter>Source Files</Filter>
    </ClCompile>
    <ClCompile Include="Libraries\msdfgen\core\edge-coloring.cpp">
      <Filter>Source Files</Filter>
    </ClCompile>
    <ClCompile Include="Libraries\msdfgen\core\EdgeHolder.cpp">
      <Filter>Source Files</Filter>
    </ClCompile>
    <ClCompile Include="Libraries\msdfgen\core\edge-segments.cpp">
      <Filter>Source Files</Filter>
    </ClCompile>
    <ClCompile Include="Libraries\msdfgen\core\equation-solver.cpp">
      <Filter>Source Files</Filter>
    </ClCompile>
    <ClCompile Include="Libraries\msdfgen\core\msdfgen.cpp">
      <Filter>Source Files</Filter>
    </ClCompile>
    <ClCompile Include="Libraries\msdfgen\core\render-sdf.cpp">
      <Filter>Source Files</Filter>
    </ClCompile>
    <ClCompile Include="Libraries\msdfgen\core\save-bmp.cpp">
      <Filter>Source Files</Filter>
    </ClCompile>
    <ClCompile Include="Libraries\msdfgen\core\Shape.cpp">
      <Filter>Source Files</Filter>
    </ClCompile>
    <ClCompile Include="Libraries\msdfgen\core\shape-description.cpp">
      <Filter>Source Files</Filter>
    </ClCompile>
    <ClCompile Include="Libraries\msdfgen\core\SignedDistance.cpp">
      <Filter>Source Files</Filter>
    </ClCompile>
    <ClCompile Include="Libraries\msdfgen\core\Vector2.cpp">
      <Filter>Source Files</Filter>
    </ClCompile>
    <ClCompile Include="Source\DyFontAtlasGenerator.cpp">
      <Filter>Source Files</Filter>
    </ClCompile>
    <ClCompile Include="Source\DyWindowAbout.cpp">
      <Filter>Source Files</Filter>
    </ClCompile>
    <ClCompile Include="Source\Library\HelperZlib.cpp">
      <Filter>Source Files</Filter>
    </ClCompile>
    <ClCompile Include="Source\QtHelper\GLOffscreenSurface.cc">
      <Filter>Source Files</Filter>
    </ClCompile>
    <ClCompile Include="Source\QtHelper\PaintSurface.cc">
      <Filter>Source Files</Filter>
    </ClCompile>
    <ClCompile Include="Source\Type\CoordinateBounds.cc">
      <Filter>Source Files</Filter>
    </ClCompile>
    <ClCompile Include="Source\FTaskThread.cc">
      <Filter>Source Files</Filter>
    </ClCompile>
    <ClCompile Include="Source\Library\JsonTypeWriterHelper.cc">
      <Filter>Source Files</Filter>
    </ClCompile>
  </ItemGroup>
  <ItemGroup>
    <QtMoc Include="Include\QtHelper\GLOffscreenSurface.h">
      <Filter>Header Files</Filter>
    </QtMoc>
    <QtMoc Include="DyFontAtlasGenerator.h">
      <Filter>Header Files</Filter>
    </QtMoc>
    <QtMoc Include="DyWindowAbout.h">
      <Filter>Header Files</Filter>
    </QtMoc>
  </ItemGroup>
  <ItemGroup>
    <QtUic Include="DyFontAtlasGenerator.ui">
      <Filter>Form Files</Filter>
    </QtUic>
    <QtUic Include="DyWindowAbout.ui">
      <Filter>Form Files</Filter>
    </QtUic>
  </ItemGroup>
  <ItemGroup>
    <QtRcc Include="DyFontAtlasGenerator.qrc">
      <Filter>Resource Files</Filter>
    </QtRcc>
  </ItemGroup>
  <ItemGroup>
    <ClInclude Include="precompiled.h">
      <Filter>Header Files</Filter>
    </ClInclude>
    <ClInclude Include="Libraries\msdfgen\core\arithmetics.hpp">
      <Filter>Header Files</Filter>
    </ClInclude>
    <ClInclude Include="Libraries\msdfgen\core\Bitmap.h">
      <Filter>Header Files</Filter>
    </ClInclude>
    <ClInclude Include="Libraries\msdfgen\core\Contour.h">
      <Filter>Header Files</Filter>
    </ClInclude>
    <ClInclude Include="Libraries\msdfgen\core\EdgeColor.h">
      <Filter>Header Files</Filter>
    </ClInclude>
    <ClInclude Include="Libraries\msdfgen\core\edge-coloring.h">
      <Filter>Header Files</Filter>
    </ClInclude>
    <ClInclude Include="Libraries\msdfgen\core\EdgeHolder.h">
      <Filter>Header Files</Filter>
    </ClInclude>
    <ClInclude Include="Libraries\msdfgen\core\edge-segments.h">
      <Filter>Header Files</Filter>
    </ClInclude>
    <ClInclude Include="Libraries\msdfgen\core\equation-solver.h">
      <Filter>Header Files</Filter>
    </ClInclude>
    <ClInclude Include="Libraries\msdfgen\core\render-sdf.h">
      <Filter>Header Files</Filter>
    </ClInclude>
    <ClInclude Include="Libraries\msdfgen\core\save-bmp.h">
      <Filter>Header Files</Filter>
    </ClInclude>
    <ClInclude Include="Libraries\msdfgen\core\Shape.h">
      <Filter>Header Files</Filter>
    </ClInclude>
    <ClInclude Include="Libraries\msdfgen\core\shape-description.h">
      <Filter>Header Files</Filter>
    </ClInclude>
    <ClInclude Include="Libraries\msdfgen\core\SignedDistance.h">
      <Filter>Header Files</Filter>
    </ClInclude>
    <ClInclude Include="Libraries\msdfgen\core\Vector2.h">
      <Filter>Header Files</Filter>
    </ClInclude>
    <ClInclude Include="Include\AConstantLangRange.h">
      <Filter>Header Files</Filter>
    </ClInclude>
    <ClInclude Include="Include\Library\HelperZlib.h">
      <Filter>Header Files</Filter>
    </ClInclude>
    <ClInclude Include="Include\Library\MsdfgenHelper.h">
      <Filter>Header Files</Filter>
    </ClInclude>
    <ClInclude Include="Include\Library\JsonTypeWriterHelper.h">
      <Filter>Header Files</Filter>
    </ClInclude>
    <ClInclude Include="Include\Type\Vector2.h">
      <Filter>Header Files</Filter>
    </ClInclude>
    <ClInclude Include="Include\QtHelper\PaintSurface.h">
      <Filter>Header Files</Filter>
    </ClInclude>
    <ClInclude Include="Include\Type\CoordinateBounds.h">
      <Filter>Header Files</Filter>
    </ClInclude>
    <ClInclude Include="Include\Structure.h">
      <Filter>Header Files</Filter>
    </ClInclude>
    <ClInclude Include="Include\Type\GlobalEnums.h">
      <Filter>Header Files</Filter>
    </ClInclude>
    <ClInclude Include="Include\Library\HelperString.h">
      <Filter>Header Files</Filter>
    </ClInclude>
    <ClInclude Include="Include\Type\DFileInformations.h">
      <Filter>Header Files</Filter>
    </ClInclude>
    <ClInclude Include="Include\Type\TCallVar.h">
      <Filter>Header Files</Filter>
    </ClInclude>
    <ClInclude Include="Include\FTaskThread.h">
      <Filter>Header Files</Filter>
    </ClInclude>
    <ClInclude Include="Include\Type\DResult.h">
      <Filter>Header Files</Filter>
    </ClInclude>
  </ItemGroup>
</Project>