<?xml version="1.0" encoding="utf-8"?>
<Project ToolsVersion="4.0" xmlns="http://schemas.microsoft.com/developer/msbuild/2003">
  <ItemGroup>
    <Filter Include="Source Files">
      <UniqueIdentifier>{4FC737F1-C7A5-4376-A066-2A32D752A2FF}</UniqueIdentifier>
      <Extensions>cpp;c;cc;cxx;def;odl;idl;hpj;bat;asm;asmx</Extensions>
    </Filter>
    <Filter Include="Header Files">
      <UniqueIdentifier>{93995380-89BD-4b04-88EB-625FBE52EBFB}</UniqueIdentifier>
      <Extensions>h;hh;hpp;hxx;hm;inl;inc;ipp;xsd</Extensions>
    </Filter>
    <Filter Include="Resource Files">
      <UniqueIdentifier>{67DA6AB6-F800-4c08-8B7A-83BB121AAD01}</UniqueIdentifier>
      <Extensions>rc;ico;cur;bmp;dlg;rc2;rct;bin;rgs;gif;jpg;jpeg;jpe;resx;tiff;tif;png;wav;mfcribbon-ms</Extensions>
    </Filter>
  </ItemGroup>
  <ItemGroup>
    <ClInclude Include="ThirdParty\Catch2\catch.hpp">
      <Filter>Header Files</Filter>
    </ClInclude>
  </ItemGroup>
  <ItemGroup>
    <ClCompile Include="Source\XTest.cc">
      <Filter>Source Files</Filter>
    </ClCompile>
    <ClCompile Include="Source\TestXGlobalUtilities.cc">
      <Filter>Source Files</Filter>
    </ClCompile>
    <ClCompile Include="Source\DArea2D\TestDArea2DReal.cc">
      <Filter>Source Files</Filter>
    </ClCompile>
    <ClCompile Include="Source\DArea2D\TestDArea2DInt.cc">
      <Filter>Source Files</Filter>
    </ClCompile>
    <ClCompile Include="Source\DVector2\TestDVector2.cc">
      <Filter>Source Files</Filter>
    </ClCompile>
    <ClCompile Include="Source\XLinearMath\TestDot.cc">
      <Filter>Source Files</Filter>
    </ClCompile>
    <ClCompile Include="Source\XLinearMath\TestCross.cc">
      <Filter>Source Files</Filter>
    </ClCompile>
    <ClCompile Include="Source\DArea3D\TestDArea3DInt.cc">
      <Filter>Source Files</Filter>
    </ClCompile>
    <ClCompile Include="Source\DClamp\TestDClamp.cc">
      <Filter>Source Files</Filter>
    </ClCompile>
    <ClCompile Include="Source\XLinearMath\TestLerp.cc">
      <Filter>Source Files</Filter>
    </ClCompile>
    <ClCompile Include="Source\XLinearMath\TestNearlyEqual.cc">
      <Filter>Source Files</Filter>
    </ClCompile>
    <ClCompile Include="Source\XLinearMath\TestPlane.cc">
      <Filter>Source Files</Filter>
    </ClCompile>
    <ClCompile Include="Source\DMatrix\TestDMatrix2.cc">
      <Filter>Source Files</Filter>
    </ClCompile>
    <ClCompile Include="Source\DMatrix\TestDMatrix3.cc">
      <Filter>Source Files</Filter>
    </ClCompile>
    <ClCompile Include="Source\DMatrix\TestDMatrix4.cc">
      <Filter>Source Files</Filter>
    </ClCompile>
    <ClCompile Include="Source\XMath\TestMapValue.cc">
      <Filter>Source Files</Filter>
    </ClCompile>
    <ClCompile Include="Source\DQuat\TestDQuat.cc">
      <Filter>Source Files</Filter>
    </ClCompile>
  </ItemGroup>
</Project>