<?xml version="1.0" encoding="utf-8"?>
<Project ToolsVersion="4.0" xmlns="http://schemas.microsoft.com/developer/msbuild/2003">
  <ItemGroup>
    <None Include="README.md" />
    <None Include="Include\Expr\Inline\TTypeList.inl" />
    <None Include="Include\Expr\Inline\TExtendedTraits.inl" />
    <None Include="Include\Expr\Inline\TZipTypesT.inl" />
    <None Include="Include\Expr\Inline\TZipIterator.inl" />
    <None Include="Include\Expr\Inline\TZipConstIterator.inl" />
    <None Include="Include\Expr\Inline\TZipIteratorType.inl" />
    <None Include="Include\Expr\Inline\TZip.inl" />
    <None Include="Include\Expr\Inline\TCrc32Pre.inl" />
    <None Include="Include\Expr\Inline\TCrc32Post.inl" />
    <None Include="Include\Expr\Inline\XStringSwitch.inl" />
    <None Include="Include\Expr\Inline\ISingleton.inl" />
  </ItemGroup>
  <ItemGroup>
    <ClInclude Include="Include\Expr\TTypeList.h" />
    <ClInclude Include="Include\Expr\TNull.h" />
    <ClInclude Include="Include\Expr\TZip.h" />
    <ClInclude Include="Include\Expr\TExtendedTraits.h" />
    <ClInclude Include="Include\Expr\TZipIterator.h" />
    <ClInclude Include="Include\Expr\TZipConstIterator.h" />
    <ClInclude Include="Include\Expr\TCrc32.h" />
    <ClInclude Include="Include\Expr\XStringSwitch.h" />
    <ClInclude Include="Include\Expr\XMacroes.h" />
    <ClInclude Include="Include\Expr\TEnumString.h" />
    <ClInclude Include="Include\Expr\TEnumTypeBinding.h" />
    <ClInclude Include="Include\Expr\ISingleton.h" />
    <ClInclude Include="Include\Expr\ESuccess.h" />
  </ItemGroup>
</Project>